// !$*UTF8*$!
{
	archiveVersion = 1;
	classes = {
	};
	objectVersion = 56;
	objects = {

/* Begin PBXBuildFile section */
		989190172A2C2ED400036CF5 /* main.swift in Sources */ = {isa = PBXBuildFile; fileRef = 989190162A2C2ED400036CF5 /* main.swift */; };
/* End PBXBuildFile section */

/* Begin PBXCopyFilesBuildPhase section */
		98B8F06F2A0DF81B00FCADED /* CopyFiles */ = {
			isa = PBXCopyFilesBuildPhase;
			buildActionMask = 2147483647;
			dstPath = /usr/share/man/man1/;
			dstSubfolderSpec = 0;
			files = (
			);
			runOnlyForDeploymentPostprocessing = 1;
		};
/* End PBXCopyFilesBuildPhase section */

/* Begin PBXFileReference section */
		9869FA8C2A1E5CF2008D593A /* main.swift */ = {isa = PBXFileReference; lastKnownFileType = sourcecode.swift; path = main.swift; sourceTree = "<group>"; };
		9869FA8F2A1E657B008D593A /* main.swift */ = {isa = PBXFileReference; lastKnownFileType = sourcecode.swift; path = main.swift; sourceTree = "<group>"; };
		9869FA922A1EF4DB008D593A /* main.swift */ = {isa = PBXFileReference; lastKnownFileType = sourcecode.swift; path = main.swift; sourceTree = "<group>"; };
		986A535B2A1DBF620043CEEE /* main.swift */ = {isa = PBXFileReference; lastKnownFileType = sourcecode.swift; path = main.swift; sourceTree = "<group>"; };
		989190162A2C2ED400036CF5 /* main.swift */ = {isa = PBXFileReference; lastKnownFileType = sourcecode.swift; path = main.swift; sourceTree = "<group>"; };
		98A845FA2A1BB52E003D99E0 /* main.swift */ = {isa = PBXFileReference; lastKnownFileType = sourcecode.swift; path = main.swift; sourceTree = "<group>"; };
		98A845FB2A1BB542003D99E0 /* main.swift */ = {isa = PBXFileReference; lastKnownFileType = sourcecode.swift; path = main.swift; sourceTree = "<group>"; };
		98A846052A1C7A45003D99E0 /* main.swift */ = {isa = PBXFileReference; lastKnownFileType = sourcecode.swift; path = main.swift; sourceTree = "<group>"; };
		98A846072A1C7A49003D99E0 /* main.swift */ = {isa = PBXFileReference; lastKnownFileType = sourcecode.swift; path = main.swift; sourceTree = "<group>"; };
		98B8F0712A0DF81B00FCADED /* Programmers */ = {isa = PBXFileReference; explicitFileType = "compiled.mach-o.executable"; includeInIndex = 0; path = Programmers; sourceTree = BUILT_PRODUCTS_DIR; };
		98F222A22A2229830067AE03 /* main.swift */ = {isa = PBXFileReference; lastKnownFileType = sourcecode.swift; path = main.swift; sourceTree = "<group>"; };
		98F222A52A222A570067AE03 /* main.swift */ = {isa = PBXFileReference; lastKnownFileType = sourcecode.swift; path = main.swift; sourceTree = "<group>"; };
		98F222A92A222B890067AE03 /* main.swift */ = {isa = PBXFileReference; lastKnownFileType = sourcecode.swift; path = main.swift; sourceTree = "<group>"; };
		98F222AC2A2371390067AE03 /* main.swift */ = {isa = PBXFileReference; lastKnownFileType = sourcecode.swift; path = main.swift; sourceTree = "<group>"; };
		98F222AF2A24B79C0067AE03 /* main.swift */ = {isa = PBXFileReference; lastKnownFileType = sourcecode.swift; path = main.swift; sourceTree = "<group>"; };
		98F222B22A24B8570067AE03 /* main.swift */ = {isa = PBXFileReference; lastKnownFileType = sourcecode.swift; path = main.swift; sourceTree = "<group>"; };
		98F222B52A24B9030067AE03 /* main.swift */ = {isa = PBXFileReference; lastKnownFileType = sourcecode.swift; path = main.swift; sourceTree = "<group>"; };
		98F222C02A2716590067AE03 /* main.swift */ = {isa = PBXFileReference; lastKnownFileType = sourcecode.swift; path = main.swift; sourceTree = "<group>"; };
		98F222C32A276CA60067AE03 /* main.swift */ = {isa = PBXFileReference; lastKnownFileType = sourcecode.swift; path = main.swift; sourceTree = "<group>"; };
		98F222C62A28263B0067AE03 /* main.swift */ = {isa = PBXFileReference; lastKnownFileType = sourcecode.swift; path = main.swift; sourceTree = "<group>"; };
		98F222C92A297DA00067AE03 /* main.swift */ = {isa = PBXFileReference; lastKnownFileType = sourcecode.swift; path = main.swift; sourceTree = "<group>"; };
		98F222CC2A29892B0067AE03 /* main.swift */ = {isa = PBXFileReference; lastKnownFileType = sourcecode.swift; path = main.swift; sourceTree = "<group>"; };
		98F222CF2A298ED10067AE03 /* main.swift */ = {isa = PBXFileReference; lastKnownFileType = sourcecode.swift; path = main.swift; sourceTree = "<group>"; };
		98F222D22A2A3ECF0067AE03 /* main.swift */ = {isa = PBXFileReference; lastKnownFileType = sourcecode.swift; path = main.swift; sourceTree = "<group>"; };
		98F222D52A2B225C0067AE03 /* main.swift */ = {isa = PBXFileReference; lastKnownFileType = sourcecode.swift; path = main.swift; sourceTree = "<group>"; };
/* End PBXFileReference section */

/* Begin PBXFrameworksBuildPhase section */
		98B8F06E2A0DF81B00FCADED /* Frameworks */ = {
			isa = PBXFrameworksBuildPhase;
			buildActionMask = 2147483647;
			files = (
			);
			runOnlyForDeploymentPostprocessing = 0;
		};
/* End PBXFrameworksBuildPhase section */

/* Begin PBXGroup section */
		982CCDD62A1BB3CB005B364E /* 같은숫자는싫어(LV.1) */ = {
			isa = PBXGroup;
			children = (
				98A845FB2A1BB542003D99E0 /* main.swift */,
			);
			path = "같은숫자는싫어(LV.1)";
			sourceTree = "<group>";
		};
		9869FA8B2A1E5CE7008D593A /* 최소직사각형(LV.1) */ = {
			isa = PBXGroup;
			children = (
				9869FA8C2A1E5CF2008D593A /* main.swift */,
			);
			name = "최소직사각형(LV.1)";
			path = "최소직사각형(LV.1)";
			sourceTree = "<group>";
		};
		9869FA8E2A1E656C008D593A /* 모의고사(LV.1) */ = {
			isa = PBXGroup;
			children = (
				9869FA8F2A1E657B008D593A /* main.swift */,
			);
			name = "모의고사(LV.1)";
			path = "모의고사(LV.1)";
			sourceTree = "<group>";
		};
		9869FA912A1EF4D0008D593A /* 소수찾기(LV.2) */ = {
			isa = PBXGroup;
			children = (
				9869FA922A1EF4DB008D593A /* main.swift */,
			);
			name = "소수찾기(LV.2)";
			path = "소수찾기(LV.2)";
			sourceTree = "<group>";
		};
		986A535A2A1DBF530043CEEE /* 프로세스(LV.2) */ = {
			isa = PBXGroup;
			children = (
				986A535B2A1DBF620043CEEE /* main.swift */,
			);
			name = "프로세스(LV.2)";
			path = "프로세스(LV.2)";
			sourceTree = "<group>";
		};
		989190152A2C2EC700036CF5 /* 시저암호(LV.1) */ = {
			isa = PBXGroup;
			children = (
				989190162A2C2ED400036CF5 /* main.swift */,
			);
			name = "시저암호(LV.1)";
			path = "시저암호(LV.1)";
			sourceTree = "<group>";
		};
		98A845F92A1BB52E003D99E0 /* 최빈값구하기(LV.0) */ = {
			isa = PBXGroup;
			children = (
				98A845FA2A1BB52E003D99E0 /* main.swift */,
			);
			path = "최빈값구하기(LV.0)";
			sourceTree = "<group>";
		};
		98A846042A1C7A45003D99E0 /* 기능개발(LV.2) */ = {
			isa = PBXGroup;
			children = (
				98A846052A1C7A45003D99E0 /* main.swift */,
			);
			path = "기능개발(LV.2)";
			sourceTree = "<group>";
		};
		98A846062A1C7A49003D99E0 /* 올바른괄호(LV.2) */ = {
			isa = PBXGroup;
			children = (
				98A846072A1C7A49003D99E0 /* main.swift */,
			);
			path = "올바른괄호(LV.2)";
			sourceTree = "<group>";
		};
		98B8F0682A0DF81B00FCADED = {
			isa = PBXGroup;
			children = (
				989190152A2C2EC700036CF5 /* 시저암호(LV.1) */,
				98F222D42A2B224E0067AE03 /* 공원산책(LV.1) */,
				98F222D12A2A3EBE0067AE03 /* 콜라문제(LV.1) */,
				98F222CE2A298EC50067AE03 /* H-Index(LV.2) */,
				98F222CB2A2989230067AE03 /* 가장큰수(LV.2) */,
				98F222C82A297D930067AE03 /* K번째수(LV.1) */,
				98F222C52A28262D0067AE03 /* 다트게임(LV.1) */,
				98F222C22A276C6C0067AE03 /* 옹알이(LV.0) */,
				98F222BF2A27164E0067AE03 /* 햄버거만들기(LV.1) */,
				98F222B42A24B8F80067AE03 /* 두수의합(LV.0) */,
				98F222B12A24B84D0067AE03 /* 3진법뒤집기(LV.1) */,
				98F222A82A222B7B0067AE03 /* JadenCase문자열만들기(LV.2) */,
				98B8F0722A0DF81B00FCADED /* Products */,
				982CCDD62A1BB3CB005B364E /* 같은숫자는싫어(LV.1) */,
				98A846042A1C7A45003D99E0 /* 기능개발(LV.2) */,
				9869FA8E2A1E656C008D593A /* 모의고사(LV.1) */,
				98F222A12A2229700067AE03 /* 소수만들기(LV.1) */,
				9869FA912A1EF4D0008D593A /* 소수찾기(LV.2) */,
				98F222A42A222A450067AE03 /* 숫자문자열과영단어(LV.1) */,
				98A846062A1C7A49003D99E0 /* 올바른괄호(LV.2) */,
				98F222AE2A24B78C0067AE03 /* 이진변환반복하기(LV.2) */,
				98F222AB2A2371290067AE03 /* 최대공약수와최소공배수(LV.1) */,
				9869FA8B2A1E5CE7008D593A /* 최소직사각형(LV.1) */,
				98A845F92A1BB52E003D99E0 /* 최빈값구하기(LV.0) */,
				986A535A2A1DBF530043CEEE /* 프로세스(LV.2) */,
			);
			sourceTree = "<group>";
		};
		98B8F0722A0DF81B00FCADED /* Products */ = {
			isa = PBXGroup;
			children = (
				98B8F0712A0DF81B00FCADED /* Programmers */,
			);
			name = Products;
			sourceTree = "<group>";
		};
		98F222A12A2229700067AE03 /* 소수만들기(LV.1) */ = {
			isa = PBXGroup;
			children = (
				98F222A22A2229830067AE03 /* main.swift */,
			);
			name = "소수만들기(LV.1)";
			path = "소수만들기(LV.1)";
			sourceTree = "<group>";
		};
		98F222A42A222A450067AE03 /* 숫자문자열과영단어(LV.1) */ = {
			isa = PBXGroup;
			children = (
				98F222A52A222A570067AE03 /* main.swift */,
			);
			name = "숫자문자열과영단어(LV.1)";
			path = "숫자문자열과영단어(LV1)";
			sourceTree = "<group>";
		};
		98F222A82A222B7B0067AE03 /* JadenCase문자열만들기(LV.2) */ = {
			isa = PBXGroup;
			children = (
				98F222A92A222B890067AE03 /* main.swift */,
			);
			name = "JadenCase문자열만들기(LV.2)";
			path = "JadenCase문자열만들기(LV.2)";
			sourceTree = "<group>";
		};
		98F222AB2A2371290067AE03 /* 최대공약수와최소공배수(LV.1) */ = {
			isa = PBXGroup;
			children = (
				98F222AC2A2371390067AE03 /* main.swift */,
			);
			name = "최대공약수와최소공배수(LV.1)";
			path = "최대공약수와최소공배수(LV.1)";
			sourceTree = "<group>";
		};
		98F222AE2A24B78C0067AE03 /* 이진변환반복하기(LV.2) */ = {
			isa = PBXGroup;
			children = (
				98F222AF2A24B79C0067AE03 /* main.swift */,
			);
			name = "이진변환반복하기(LV.2)";
			path = "이진변환반복하기(LV.2)";
			sourceTree = "<group>";
		};
		98F222B12A24B84D0067AE03 /* 3진법뒤집기(LV.1) */ = {
			isa = PBXGroup;
			children = (
				98F222B22A24B8570067AE03 /* main.swift */,
			);
			name = "3진법뒤집기(LV.1)";
			path = "3진법뒤집기(LV.1)";
			sourceTree = "<group>";
		};
		98F222B42A24B8F80067AE03 /* 두수의합(LV.0) */ = {
			isa = PBXGroup;
			children = (
				98F222B52A24B9030067AE03 /* main.swift */,
			);
			name = "두수의합(LV.0)";
			path = "두수의합(LV.0)";
			sourceTree = "<group>";
		};
		98F222BF2A27164E0067AE03 /* 햄버거만들기(LV.1) */ = {
			isa = PBXGroup;
			children = (
				98F222C02A2716590067AE03 /* main.swift */,
			);
			name = "햄버거만들기(LV.1)";
			path = "햄버거만들기(LV.1)";
			sourceTree = "<group>";
		};
		98F222C22A276C6C0067AE03 /* 옹알이(LV.0) */ = {
			isa = PBXGroup;
			children = (
				98F222C32A276CA60067AE03 /* main.swift */,
			);
			name = "옹알이(LV.0)";
			path = "옹알이(LV.0)";
			sourceTree = "<group>";
		};
		98F222C52A28262D0067AE03 /* 다트게임(LV.1) */ = {
			isa = PBXGroup;
			children = (
				98F222C62A28263B0067AE03 /* main.swift */,
			);
			name = "다트게임(LV.1)";
			path = "다트게임(LV.1)";
			sourceTree = "<group>";
		};
		98F222C82A297D930067AE03 /* K번째수(LV.1) */ = {
			isa = PBXGroup;
			children = (
				98F222C92A297DA00067AE03 /* main.swift */,
			);
			name = "K번째수(LV.1)";
			path = "K번째수(LV.1)";
			sourceTree = "<group>";
		};
		98F222CB2A2989230067AE03 /* 가장큰수(LV.2) */ = {
			isa = PBXGroup;
			children = (
				98F222CC2A29892B0067AE03 /* main.swift */,
			);
			name = "가장큰수(LV.2)";
			path = "가장큰수(LV.2)";
			sourceTree = "<group>";
		};
		98F222CE2A298EC50067AE03 /* H-Index(LV.2) */ = {
			isa = PBXGroup;
			children = (
				98F222CF2A298ED10067AE03 /* main.swift */,
			);
			path = "H-Index(LV.2)";
			sourceTree = "<group>";
		};
		98F222D12A2A3EBE0067AE03 /* 콜라문제(LV.1) */ = {
			isa = PBXGroup;
			children = (
				98F222D22A2A3ECF0067AE03 /* main.swift */,
			);
			name = "콜라문제(LV.1)";
			path = "콜라문제(LV.1)";
			sourceTree = "<group>";
		};
		98F222D42A2B224E0067AE03 /* 공원산책(LV.1) */ = {
			isa = PBXGroup;
			children = (
				98F222D52A2B225C0067AE03 /* main.swift */,
			);
			name = "공원산책(LV.1)";
			path = "공원산책(LV.1)";
			sourceTree = "<group>";
		};
/* End PBXGroup section */

/* Begin PBXNativeTarget section */
		98B8F0702A0DF81B00FCADED /* Programmers */ = {
			isa = PBXNativeTarget;
			buildConfigurationList = 98B8F0782A0DF81B00FCADED /* Build configuration list for PBXNativeTarget "Programmers" */;
			buildPhases = (
				98B8F06D2A0DF81B00FCADED /* Sources */,
				98B8F06E2A0DF81B00FCADED /* Frameworks */,
				98B8F06F2A0DF81B00FCADED /* CopyFiles */,
			);
			buildRules = (
			);
			dependencies = (
			);
			name = Programmers;
			productName = Programmers;
			productReference = 98B8F0712A0DF81B00FCADED /* Programmers */;
			productType = "com.apple.product-type.tool";
		};
/* End PBXNativeTarget section */

/* Begin PBXProject section */
		98B8F0692A0DF81B00FCADED /* Project object */ = {
			isa = PBXProject;
			attributes = {
				BuildIndependentTargetsInParallel = 1;
				LastSwiftUpdateCheck = 1430;
				LastUpgradeCheck = 1430;
				TargetAttributes = {
					98B8F0702A0DF81B00FCADED = {
						CreatedOnToolsVersion = 14.3;
						LastSwiftMigration = 1430;
					};
				};
			};
			buildConfigurationList = 98B8F06C2A0DF81B00FCADED /* Build configuration list for PBXProject "Programmers" */;
			compatibilityVersion = "Xcode 14.0";
			developmentRegion = en;
			hasScannedForEncodings = 0;
			knownRegions = (
				en,
				Base,
			);
			mainGroup = 98B8F0682A0DF81B00FCADED;
			productRefGroup = 98B8F0722A0DF81B00FCADED /* Products */;
			projectDirPath = "";
			projectRoot = "";
			targets = (
				98B8F0702A0DF81B00FCADED /* Programmers */,
			);
		};
/* End PBXProject section */

/* Begin PBXSourcesBuildPhase section */
		98B8F06D2A0DF81B00FCADED /* Sources */ = {
			isa = PBXSourcesBuildPhase;
			buildActionMask = 2147483647;
			files = (
				989190172A2C2ED400036CF5 /* main.swift in Sources */,
			);
			runOnlyForDeploymentPostprocessing = 0;
		};
/* End PBXSourcesBuildPhase section */

/* Begin XCBuildConfiguration section */
		98B8F0762A0DF81B00FCADED /* Debug */ = {
			isa = XCBuildConfiguration;
			buildSettings = {
				ALWAYS_SEARCH_USER_PATHS = NO;
				CLANG_ANALYZER_NONNULL = YES;
				CLANG_ANALYZER_NUMBER_OBJECT_CONVERSION = YES_AGGRESSIVE;
				CLANG_CXX_LANGUAGE_STANDARD = "gnu++20";
				CLANG_ENABLE_MODULES = YES;
				CLANG_ENABLE_OBJC_ARC = YES;
				CLANG_ENABLE_OBJC_WEAK = YES;
				CLANG_WARN_BLOCK_CAPTURE_AUTORELEASING = YES;
				CLANG_WARN_BOOL_CONVERSION = YES;
				CLANG_WARN_COMMA = YES;
				CLANG_WARN_CONSTANT_CONVERSION = YES;
				CLANG_WARN_DEPRECATED_OBJC_IMPLEMENTATIONS = YES;
				CLANG_WARN_DIRECT_OBJC_ISA_USAGE = YES_ERROR;
				CLANG_WARN_DOCUMENTATION_COMMENTS = YES;
				CLANG_WARN_EMPTY_BODY = YES;
				CLANG_WARN_ENUM_CONVERSION = YES;
				CLANG_WARN_INFINITE_RECURSION = YES;
				CLANG_WARN_INT_CONVERSION = YES;
				CLANG_WARN_NON_LITERAL_NULL_CONVERSION = YES;
				CLANG_WARN_OBJC_IMPLICIT_RETAIN_SELF = YES;
				CLANG_WARN_OBJC_LITERAL_CONVERSION = YES;
				CLANG_WARN_OBJC_ROOT_CLASS = YES_ERROR;
				CLANG_WARN_QUOTED_INCLUDE_IN_FRAMEWORK_HEADER = YES;
				CLANG_WARN_RANGE_LOOP_ANALYSIS = YES;
				CLANG_WARN_STRICT_PROTOTYPES = YES;
				CLANG_WARN_SUSPICIOUS_MOVE = YES;
				CLANG_WARN_UNGUARDED_AVAILABILITY = YES_AGGRESSIVE;
				CLANG_WARN_UNREACHABLE_CODE = YES;
				CLANG_WARN__DUPLICATE_METHOD_MATCH = YES;
				COPY_PHASE_STRIP = NO;
				DEBUG_INFORMATION_FORMAT = dwarf;
				ENABLE_STRICT_OBJC_MSGSEND = YES;
				ENABLE_TESTABILITY = YES;
				GCC_C_LANGUAGE_STANDARD = gnu11;
				GCC_DYNAMIC_NO_PIC = NO;
				GCC_NO_COMMON_BLOCKS = YES;
				GCC_OPTIMIZATION_LEVEL = 0;
				GCC_PREPROCESSOR_DEFINITIONS = (
					"DEBUG=1",
					"$(inherited)",
				);
				GCC_WARN_64_TO_32_BIT_CONVERSION = YES;
				GCC_WARN_ABOUT_RETURN_TYPE = YES_ERROR;
				GCC_WARN_UNDECLARED_SELECTOR = YES;
				GCC_WARN_UNINITIALIZED_AUTOS = YES_AGGRESSIVE;
				GCC_WARN_UNUSED_FUNCTION = YES;
				GCC_WARN_UNUSED_VARIABLE = YES;
				MACOSX_DEPLOYMENT_TARGET = 13.3;
				MTL_ENABLE_DEBUG_INFO = INCLUDE_SOURCE;
				MTL_FAST_MATH = YES;
				ONLY_ACTIVE_ARCH = YES;
				SDKROOT = macosx;
				SWIFT_ACTIVE_COMPILATION_CONDITIONS = DEBUG;
				SWIFT_OPTIMIZATION_LEVEL = "-Onone";
			};
			name = Debug;
		};
		98B8F0772A0DF81B00FCADED /* Release */ = {
			isa = XCBuildConfiguration;
			buildSettings = {
				ALWAYS_SEARCH_USER_PATHS = NO;
				CLANG_ANALYZER_NONNULL = YES;
				CLANG_ANALYZER_NUMBER_OBJECT_CONVERSION = YES_AGGRESSIVE;
				CLANG_CXX_LANGUAGE_STANDARD = "gnu++20";
				CLANG_ENABLE_MODULES = YES;
				CLANG_ENABLE_OBJC_ARC = YES;
				CLANG_ENABLE_OBJC_WEAK = YES;
				CLANG_WARN_BLOCK_CAPTURE_AUTORELEASING = YES;
				CLANG_WARN_BOOL_CONVERSION = YES;
				CLANG_WARN_COMMA = YES;
				CLANG_WARN_CONSTANT_CONVERSION = YES;
				CLANG_WARN_DEPRECATED_OBJC_IMPLEMENTATIONS = YES;
				CLANG_WARN_DIRECT_OBJC_ISA_USAGE = YES_ERROR;
				CLANG_WARN_DOCUMENTATION_COMMENTS = YES;
				CLANG_WARN_EMPTY_BODY = YES;
				CLANG_WARN_ENUM_CONVERSION = YES;
				CLANG_WARN_INFINITE_RECURSION = YES;
				CLANG_WARN_INT_CONVERSION = YES;
				CLANG_WARN_NON_LITERAL_NULL_CONVERSION = YES;
				CLANG_WARN_OBJC_IMPLICIT_RETAIN_SELF = YES;
				CLANG_WARN_OBJC_LITERAL_CONVERSION = YES;
				CLANG_WARN_OBJC_ROOT_CLASS = YES_ERROR;
				CLANG_WARN_QUOTED_INCLUDE_IN_FRAMEWORK_HEADER = YES;
				CLANG_WARN_RANGE_LOOP_ANALYSIS = YES;
				CLANG_WARN_STRICT_PROTOTYPES = YES;
				CLANG_WARN_SUSPICIOUS_MOVE = YES;
				CLANG_WARN_UNGUARDED_AVAILABILITY = YES_AGGRESSIVE;
				CLANG_WARN_UNREACHABLE_CODE = YES;
				CLANG_WARN__DUPLICATE_METHOD_MATCH = YES;
				COPY_PHASE_STRIP = NO;
				DEBUG_INFORMATION_FORMAT = "dwarf-with-dsym";
				ENABLE_NS_ASSERTIONS = NO;
				ENABLE_STRICT_OBJC_MSGSEND = YES;
				GCC_C_LANGUAGE_STANDARD = gnu11;
				GCC_NO_COMMON_BLOCKS = YES;
				GCC_WARN_64_TO_32_BIT_CONVERSION = YES;
				GCC_WARN_ABOUT_RETURN_TYPE = YES_ERROR;
				GCC_WARN_UNDECLARED_SELECTOR = YES;
				GCC_WARN_UNINITIALIZED_AUTOS = YES_AGGRESSIVE;
				GCC_WARN_UNUSED_FUNCTION = YES;
				GCC_WARN_UNUSED_VARIABLE = YES;
				MACOSX_DEPLOYMENT_TARGET = 13.3;
				MTL_ENABLE_DEBUG_INFO = NO;
				MTL_FAST_MATH = YES;
				SDKROOT = macosx;
				SWIFT_COMPILATION_MODE = wholemodule;
				SWIFT_OPTIMIZATION_LEVEL = "-O";
			};
			name = Release;
		};
		98B8F0792A0DF81B00FCADED /* Debug */ = {
			isa = XCBuildConfiguration;
			buildSettings = {
				CLANG_ENABLE_MODULES = YES;
				CODE_SIGN_STYLE = Automatic;
				DEVELOPMENT_TEAM = N6LML762WM;
				ENABLE_HARDENED_RUNTIME = YES;
				PRODUCT_NAME = "$(TARGET_NAME)";
				SWIFT_OPTIMIZATION_LEVEL = "-Onone";
				SWIFT_VERSION = 5.0;
			};
			name = Debug;
		};
		98B8F07A2A0DF81B00FCADED /* Release */ = {
			isa = XCBuildConfiguration;
			buildSettings = {
				CLANG_ENABLE_MODULES = YES;
				CODE_SIGN_STYLE = Automatic;
				DEVELOPMENT_TEAM = N6LML762WM;
				ENABLE_HARDENED_RUNTIME = YES;
				PRODUCT_NAME = "$(TARGET_NAME)";
				SWIFT_VERSION = 5.0;
			};
			name = Release;
		};
/* End XCBuildConfiguration section */

/* Begin XCConfigurationList section */
		98B8F06C2A0DF81B00FCADED /* Build configuration list for PBXProject "Programmers" */ = {
			isa = XCConfigurationList;
			buildConfigurations = (
				98B8F0762A0DF81B00FCADED /* Debug */,
				98B8F0772A0DF81B00FCADED /* Release */,
			);
			defaultConfigurationIsVisible = 0;
			defaultConfigurationName = Release;
		};
		98B8F0782A0DF81B00FCADED /* Build configuration list for PBXNativeTarget "Programmers" */ = {
			isa = XCConfigurationList;
			buildConfigurations = (
				98B8F0792A0DF81B00FCADED /* Debug */,
				98B8F07A2A0DF81B00FCADED /* Release */,
			);
			defaultConfigurationIsVisible = 0;
			defaultConfigurationName = Release;
		};
/* End XCConfigurationList section */
	};
	rootObject = 98B8F0692A0DF81B00FCADED /* Project object */;
}
