// !$*UTF8*$!
{
	archiveVersion = 1;
	classes = {
	};
	objectVersion = 56;
	objects = {

/* Begin PBXBuildFile section */
		985857DC2A43055000784AB4 /* main.swift in Sources */ = {isa = PBXBuildFile; fileRef = 985857DB2A43055000784AB4 /* main.swift */; };
/* End PBXBuildFile section */

/* Begin PBXCopyFilesBuildPhase section */
		98B8F06F2A0DF81B00FCADED /* CopyFiles */ = {
			isa = PBXCopyFilesBuildPhase;
			buildActionMask = 2147483647;
			dstPath = /usr/share/man/man1/;
			dstSubfolderSpec = 0;
			files = (
			);
			runOnlyForDeploymentPostprocessing = 1;
		};
/* End PBXCopyFilesBuildPhase section */

/* Begin PBXFileReference section */
		985857DB2A43055000784AB4 /* main.swift */ = {isa = PBXFileReference; lastKnownFileType = sourcecode.swift; path = main.swift; sourceTree = "<group>"; };
		9868E20E2A306C4500CC2299 /* main.swift */ = {isa = PBXFileReference; lastKnownFileType = sourcecode.swift; path = main.swift; sourceTree = "<group>"; };
		9869FA8C2A1E5CF2008D593A /* main.swift */ = {isa = PBXFileReference; lastKnownFileType = sourcecode.swift; path = main.swift; sourceTree = "<group>"; };
		9869FA8F2A1E657B008D593A /* main.swift */ = {isa = PBXFileReference; lastKnownFileType = sourcecode.swift; path = main.swift; sourceTree = "<group>"; };
		9869FA922A1EF4DB008D593A /* main.swift */ = {isa = PBXFileReference; lastKnownFileType = sourcecode.swift; path = main.swift; sourceTree = "<group>"; };
		986A535B2A1DBF620043CEEE /* main.swift */ = {isa = PBXFileReference; lastKnownFileType = sourcecode.swift; path = main.swift; sourceTree = "<group>"; };
		986EA0022A3DDABC008A0158 /* main.swift */ = {isa = PBXFileReference; lastKnownFileType = sourcecode.swift; path = main.swift; sourceTree = "<group>"; };
		986EA0052A3DDB53008A0158 /* main.swift */ = {isa = PBXFileReference; lastKnownFileType = sourcecode.swift; path = main.swift; sourceTree = "<group>"; };
		9875AD5B2A34D3FB00FC8877 /* main.swift */ = {isa = PBXFileReference; lastKnownFileType = sourcecode.swift; path = main.swift; sourceTree = "<group>"; };
		9875AD5E2A35948E00FC8877 /* main.swift */ = {isa = PBXFileReference; lastKnownFileType = sourcecode.swift; path = main.swift; sourceTree = "<group>"; };
		9875AD612A35A16100FC8877 /* main.swift */ = {isa = PBXFileReference; lastKnownFileType = sourcecode.swift; path = main.swift; sourceTree = "<group>"; };
		9875AD642A35D3D400FC8877 /* main.swift */ = {isa = PBXFileReference; lastKnownFileType = sourcecode.swift; path = main.swift; sourceTree = "<group>"; };
		9875AD672A35E5BC00FC8877 /* main.swift */ = {isa = PBXFileReference; lastKnownFileType = sourcecode.swift; path = main.swift; sourceTree = "<group>"; };
		9875AD6A2A360A0E00FC8877 /* main.swift */ = {isa = PBXFileReference; lastKnownFileType = sourcecode.swift; path = main.swift; sourceTree = "<group>"; };
		9875AD6D2A372B2900FC8877 /* main.swift */ = {isa = PBXFileReference; lastKnownFileType = sourcecode.swift; path = main.swift; sourceTree = "<group>"; };
		9875AD702A38094600FC8877 /* main.swift */ = {isa = PBXFileReference; lastKnownFileType = sourcecode.swift; path = main.swift; sourceTree = "<group>"; };
		9875AD742A397C4000FC8877 /* main.swift */ = {isa = PBXFileReference; lastKnownFileType = sourcecode.swift; path = main.swift; sourceTree = "<group>"; };
		9875AD772A3B5A5200FC8877 /* main.swift */ = {isa = PBXFileReference; lastKnownFileType = sourcecode.swift; path = main.swift; sourceTree = "<group>"; };
		9875AD7A2A3B5F1700FC8877 /* main.swift */ = {isa = PBXFileReference; lastKnownFileType = sourcecode.swift; path = main.swift; sourceTree = "<group>"; };
		9875AD902A3C8CD500FC8877 /* main.swift */ = {isa = PBXFileReference; lastKnownFileType = sourcecode.swift; path = main.swift; sourceTree = "<group>"; };
		9875AD932A3CB00E00FC8877 /* main.swift */ = {isa = PBXFileReference; lastKnownFileType = sourcecode.swift; path = main.swift; sourceTree = "<group>"; };
		989190162A2C2ED400036CF5 /* main.swift */ = {isa = PBXFileReference; lastKnownFileType = sourcecode.swift; path = main.swift; sourceTree = "<group>"; };
		98A845FA2A1BB52E003D99E0 /* main.swift */ = {isa = PBXFileReference; lastKnownFileType = sourcecode.swift; path = main.swift; sourceTree = "<group>"; };
		98A845FB2A1BB542003D99E0 /* main.swift */ = {isa = PBXFileReference; lastKnownFileType = sourcecode.swift; path = main.swift; sourceTree = "<group>"; };
		98A846052A1C7A45003D99E0 /* main.swift */ = {isa = PBXFileReference; lastKnownFileType = sourcecode.swift; path = main.swift; sourceTree = "<group>"; };
		98A846072A1C7A49003D99E0 /* main.swift */ = {isa = PBXFileReference; lastKnownFileType = sourcecode.swift; path = main.swift; sourceTree = "<group>"; };
		98B8F0712A0DF81B00FCADED /* Programmers */ = {isa = PBXFileReference; explicitFileType = "compiled.mach-o.executable"; includeInIndex = 0; path = Programmers; sourceTree = BUILT_PRODUCTS_DIR; };
		98BA32252A2E16680096EC42 /* main.swift */ = {isa = PBXFileReference; lastKnownFileType = sourcecode.swift; path = main.swift; sourceTree = "<group>"; };
		98BA32282A2EEE760096EC42 /* main.swift */ = {isa = PBXFileReference; lastKnownFileType = sourcecode.swift; path = main.swift; sourceTree = "<group>"; };
		98DFB9742A41886A009A4BA3 /* main.swift */ = {isa = PBXFileReference; lastKnownFileType = sourcecode.swift; path = main.swift; sourceTree = "<group>"; };
		98DFB9772A419427009A4BA3 /* main.swift */ = {isa = PBXFileReference; lastKnownFileType = sourcecode.swift; path = main.swift; sourceTree = "<group>"; };
		98DFB97A2A41D445009A4BA3 /* main.swift */ = {isa = PBXFileReference; lastKnownFileType = sourcecode.swift; path = main.swift; sourceTree = "<group>"; };
		98F222A22A2229830067AE03 /* main.swift */ = {isa = PBXFileReference; lastKnownFileType = sourcecode.swift; path = main.swift; sourceTree = "<group>"; };
		98F222A52A222A570067AE03 /* main.swift */ = {isa = PBXFileReference; lastKnownFileType = sourcecode.swift; path = main.swift; sourceTree = "<group>"; };
		98F222A92A222B890067AE03 /* main.swift */ = {isa = PBXFileReference; lastKnownFileType = sourcecode.swift; path = main.swift; sourceTree = "<group>"; };
		98F222AC2A2371390067AE03 /* main.swift */ = {isa = PBXFileReference; lastKnownFileType = sourcecode.swift; path = main.swift; sourceTree = "<group>"; };
		98F222AF2A24B79C0067AE03 /* main.swift */ = {isa = PBXFileReference; lastKnownFileType = sourcecode.swift; path = main.swift; sourceTree = "<group>"; };
		98F222B22A24B8570067AE03 /* main.swift */ = {isa = PBXFileReference; lastKnownFileType = sourcecode.swift; path = main.swift; sourceTree = "<group>"; };
		98F222B52A24B9030067AE03 /* main.swift */ = {isa = PBXFileReference; lastKnownFileType = sourcecode.swift; path = main.swift; sourceTree = "<group>"; };
		98F222C02A2716590067AE03 /* main.swift */ = {isa = PBXFileReference; lastKnownFileType = sourcecode.swift; path = main.swift; sourceTree = "<group>"; };
		98F222C32A276CA60067AE03 /* main.swift */ = {isa = PBXFileReference; lastKnownFileType = sourcecode.swift; path = main.swift; sourceTree = "<group>"; };
		98F222C62A28263B0067AE03 /* main.swift */ = {isa = PBXFileReference; lastKnownFileType = sourcecode.swift; path = main.swift; sourceTree = "<group>"; };
		98F222C92A297DA00067AE03 /* main.swift */ = {isa = PBXFileReference; lastKnownFileType = sourcecode.swift; path = main.swift; sourceTree = "<group>"; };
		98F222CC2A29892B0067AE03 /* main.swift */ = {isa = PBXFileReference; lastKnownFileType = sourcecode.swift; path = main.swift; sourceTree = "<group>"; };
		98F222CF2A298ED10067AE03 /* main.swift */ = {isa = PBXFileReference; lastKnownFileType = sourcecode.swift; path = main.swift; sourceTree = "<group>"; };
		98F222D22A2A3ECF0067AE03 /* main.swift */ = {isa = PBXFileReference; lastKnownFileType = sourcecode.swift; path = main.swift; sourceTree = "<group>"; };
		98F222D52A2B225C0067AE03 /* main.swift */ = {isa = PBXFileReference; lastKnownFileType = sourcecode.swift; path = main.swift; sourceTree = "<group>"; };
		98F66ACC2A2C7D2D00DA27C1 /* main.swift */ = {isa = PBXFileReference; lastKnownFileType = sourcecode.swift; path = main.swift; sourceTree = "<group>"; };
		98F66ACF2A2D73BB00DA27C1 /* main.swift */ = {isa = PBXFileReference; lastKnownFileType = sourcecode.swift; path = main.swift; sourceTree = "<group>"; };
		98F66AD52A2DCA5700DA27C1 /* main.swift */ = {isa = PBXFileReference; lastKnownFileType = sourcecode.swift; path = main.swift; sourceTree = "<group>"; };
/* End PBXFileReference section */

/* Begin PBXFrameworksBuildPhase section */
		98B8F06E2A0DF81B00FCADED /* Frameworks */ = {
			isa = PBXFrameworksBuildPhase;
			buildActionMask = 2147483647;
			files = (
			);
			runOnlyForDeploymentPostprocessing = 0;
		};
/* End PBXFrameworksBuildPhase section */

/* Begin PBXGroup section */
		982CCDD62A1BB3CB005B364E /* 같은숫자는싫어(LV.1) */ = {
			isa = PBXGroup;
			children = (
				98A845FB2A1BB542003D99E0 /* main.swift */,
			);
			path = "같은숫자는싫어(LV.1)";
			sourceTree = "<group>";
		};
		985857DA2A43054500784AB4 /* 예상대진표(LV.2) */ = {
			isa = PBXGroup;
			children = (
				985857DB2A43055000784AB4 /* main.swift */,
			);
			name = "예상대진표(LV.2)";
			path = "예상대진표(LV.2)";
			sourceTree = "<group>";
		};
		9868E20D2A306C3500CC2299 /* 정수를나선형으로배치하기(LV.0) */ = {
			isa = PBXGroup;
			children = (
				9868E20E2A306C4500CC2299 /* main.swift */,
			);
			name = "정수를나선형으로배치하기(LV.0)";
			path = "정수를나선형으로배치하기(LV.0)";
			sourceTree = "<group>";
		};
		9869FA8B2A1E5CE7008D593A /* 최소직사각형(LV.1) */ = {
			isa = PBXGroup;
			children = (
				9869FA8C2A1E5CF2008D593A /* main.swift */,
			);
			name = "최소직사각형(LV.1)";
			path = "최소직사각형(LV.1)";
			sourceTree = "<group>";
		};
		9869FA8E2A1E656C008D593A /* 모의고사(LV.1) */ = {
			isa = PBXGroup;
			children = (
				9869FA8F2A1E657B008D593A /* main.swift */,
			);
			name = "모의고사(LV.1)";
			path = "모의고사(LV.1)";
			sourceTree = "<group>";
		};
		9869FA912A1EF4D0008D593A /* 소수찾기(LV.2) */ = {
			isa = PBXGroup;
			children = (
				9869FA922A1EF4DB008D593A /* main.swift */,
			);
			name = "소수찾기(LV.2)";
			path = "소수찾기(LV.2)";
			sourceTree = "<group>";
		};
		986A535A2A1DBF530043CEEE /* 프로세스(LV.2) */ = {
			isa = PBXGroup;
			children = (
				986A535B2A1DBF620043CEEE /* main.swift */,
			);
			name = "프로세스(LV.2)";
			path = "프로세스(LV.2)";
			sourceTree = "<group>";
		};
		986EA0012A3DDAB3008A0158 /* 오픈채팅방(LV.2) */ = {
			isa = PBXGroup;
			children = (
				986EA0022A3DDABC008A0158 /* main.swift */,
			);
			name = "오픈채팅방(LV.2)";
			path = "오픈채팅방(LV.2)";
			sourceTree = "<group>";
		};
		986EA0042A3DDB49008A0158 /* 튜플(LV.2) */ = {
			isa = PBXGroup;
			children = (
				986EA0052A3DDB53008A0158 /* main.swift */,
			);
			name = "튜플(LV.2)";
			path = "튜플(LV.2)";
			sourceTree = "<group>";
		};
		9875AD5A2A34D3F100FC8877 /* 추억점수(LV.1) */ = {
			isa = PBXGroup;
			children = (
				9875AD5B2A34D3FB00FC8877 /* main.swift */,
			);
			name = "추억점수(LV.1)";
			path = "추억점수(LV.1)";
			sourceTree = "<group>";
		};
		9875AD5D2A35947700FC8877 /* 문자열내마음대로정렬하기(LV.1) */ = {
			isa = PBXGroup;
			children = (
				9875AD5E2A35948E00FC8877 /* main.swift */,
			);
			name = "문자열내마음대로정렬하기(LV.1)";
			path = "문자열내마음대로정렬하기(LV.1)";
			sourceTree = "<group>";
		};
		9875AD602A35A15700FC8877 /* 2016년(LV.1) */ = {
			isa = PBXGroup;
			children = (
				9875AD612A35A16100FC8877 /* main.swift */,
			);
			name = "2016년(LV.1)";
			path = "2016년(LV.1)";
			sourceTree = "<group>";
		};
		9875AD632A35D3C700FC8877 /* 명예의전당(LV.1) */ = {
			isa = PBXGroup;
			children = (
				9875AD642A35D3D400FC8877 /* main.swift */,
			);
			name = "명예의전당(LV.1)";
			path = "명예의전당(LV.1)";
			sourceTree = "<group>";
		};
		9875AD662A35E5B100FC8877 /* 과일장수(LV.1) */ = {
			isa = PBXGroup;
			children = (
				9875AD672A35E5BC00FC8877 /* main.swift */,
			);
			name = "과일장수(LV.1)";
			path = "과일장수(LV.1)";
			sourceTree = "<group>";
		};
		9875AD692A360A0100FC8877 /* 실패율(LV.1) */ = {
			isa = PBXGroup;
			children = (
				9875AD6A2A360A0E00FC8877 /* main.swift */,
			);
			name = "실패율(LV.1)";
			path = "실패율(LV.1)";
			sourceTree = "<group>";
		};
		9875AD6C2A372B1D00FC8877 /* 테이블해시함수(LV.2) */ = {
			isa = PBXGroup;
			children = (
				9875AD6D2A372B2900FC8877 /* main.swift */,
			);
			name = "테이블해시함수(LV.2)";
			path = "테이블해시함수(LV.2)";
			sourceTree = "<group>";
		};
		9875AD6F2A38093800FC8877 /* 택배배달과수거하기(LV.2) */ = {
			isa = PBXGroup;
			children = (
				9875AD702A38094600FC8877 /* main.swift */,
			);
			name = "택배배달과수거하기(LV.2)";
			path = "택배배달과수거하기(LV.2)";
			sourceTree = "<group>";
		};
		9875AD732A397C3600FC8877 /* 컨트롤제트(LV.1) */ = {
			isa = PBXGroup;
			children = (
				9875AD742A397C4000FC8877 /* main.swift */,
			);
			name = "컨트롤제트(LV.1)";
			path = "컨트롤제트(LV.1)";
			sourceTree = "<group>";
		};
		9875AD762A3B5A4700FC8877 /* 타겟넘버(LV.2) */ = {
			isa = PBXGroup;
			children = (
				9875AD772A3B5A5200FC8877 /* main.swift */,
			);
			name = "타겟넘버(LV.2)";
			path = "타겟넘버(LV.2)";
			sourceTree = "<group>";
		};
		9875AD792A3B5F0C00FC8877 /* 카펫(LV.2) */ = {
			isa = PBXGroup;
			children = (
				9875AD7A2A3B5F1700FC8877 /* main.swift */,
			);
			name = "카펫(LV.2)";
			path = "카펫(LV.2)";
			sourceTree = "<group>";
		};
		9875AD8F2A3C8CCB00FC8877 /* 문자열나누기(LV.1) */ = {
			isa = PBXGroup;
			children = (
				9875AD902A3C8CD500FC8877 /* main.swift */,
			);
			name = "문자열나누기(LV.1)";
			path = "문자열나누기(LV.1)";
			sourceTree = "<group>";
		};
		9875AD922A3CB00200FC8877 /* 신규아이디추천(LV.1) */ = {
			isa = PBXGroup;
			children = (
				9875AD932A3CB00E00FC8877 /* main.swift */,
			);
			name = "신규아이디추천(LV.1)";
			path = "신규아이디추천(LV.1)";
			sourceTree = "<group>";
		};
		989190152A2C2EC700036CF5 /* 시저암호(LV.1) */ = {
			isa = PBXGroup;
			children = (
				989190162A2C2ED400036CF5 /* main.swift */,
			);
			name = "시저암호(LV.1)";
			path = "시저암호(LV.1)";
			sourceTree = "<group>";
		};
		98A845F92A1BB52E003D99E0 /* 최빈값구하기(LV.0) */ = {
			isa = PBXGroup;
			children = (
				98A845FA2A1BB52E003D99E0 /* main.swift */,
			);
			path = "최빈값구하기(LV.0)";
			sourceTree = "<group>";
		};
		98A846042A1C7A45003D99E0 /* 기능개발(LV.2) */ = {
			isa = PBXGroup;
			children = (
				98A846052A1C7A45003D99E0 /* main.swift */,
			);
			path = "기능개발(LV.2)";
			sourceTree = "<group>";
		};
		98A846062A1C7A49003D99E0 /* 올바른괄호(LV.2) */ = {
			isa = PBXGroup;
			children = (
				98A846072A1C7A49003D99E0 /* main.swift */,
			);
			path = "올바른괄호(LV.2)";
			sourceTree = "<group>";
		};
		98B8F0682A0DF81B00FCADED = {
			isa = PBXGroup;
			children = (
				98BA32232A2DCAF40096EC42 /* LV.0 */,
				98BA32212A2DCAB30096EC42 /* LV.1 */,
				98BA32222A2DCAD30096EC42 /* LV.2 */,
				98DFB9722A418829009A4BA3 /* LV.3 */,
				98B8F0722A0DF81B00FCADED /* Products */,
			);
			sourceTree = "<group>";
		};
		98B8F0722A0DF81B00FCADED /* Products */ = {
			isa = PBXGroup;
			children = (
				98B8F0712A0DF81B00FCADED /* Programmers */,
			);
			name = Products;
			sourceTree = "<group>";
		};
		98BA32212A2DCAB30096EC42 /* LV.1 */ = {
			isa = PBXGroup;
			children = (
				98DFB9792A41D438009A4BA3 /* 기사단원의무기(LV.1) */,
				9875AD922A3CB00200FC8877 /* 신규아이디추천(LV.1) */,
				9875AD8F2A3C8CCB00FC8877 /* 문자열나누기(LV.1) */,
				9875AD732A397C3600FC8877 /* 컨트롤제트(LV.1) */,
				98F222B12A24B84D0067AE03 /* 3진법뒤집기(LV.1) */,
				9875AD602A35A15700FC8877 /* 2016년(LV.1) */,
				98F222C82A297D930067AE03 /* K번째수(LV.1) */,
				98F66ACE2A2D73AE00DA27C1 /* N개의최소공배수(LV.1) */,
				982CCDD62A1BB3CB005B364E /* 같은숫자는싫어(LV.1) */,
				98F222D42A2B224E0067AE03 /* 공원산책(LV.1) */,
				9875AD662A35E5B100FC8877 /* 과일장수(LV.1) */,
				98F222C52A28262D0067AE03 /* 다트게임(LV.1) */,
				9875AD632A35D3C700FC8877 /* 명예의전당(LV.1) */,
				9869FA8E2A1E656C008D593A /* 모의고사(LV.1) */,
				9875AD5D2A35947700FC8877 /* 문자열내마음대로정렬하기(LV.1) */,
				98F66ACB2A2C7D1800DA27C1 /* 비밀지도(LV.1) */,
				98BA32272A2EEE6B0096EC42 /* 성격유형검사하기(LV.1) */,
				98F222A12A2229700067AE03 /* 소수만들기(LV.1) */,
				98F222A42A222A450067AE03 /* 숫자문자열과영단어(LV.1) */,
				989190152A2C2EC700036CF5 /* 시저암호(LV.1) */,
				98F66AD42A2DCA5700DA27C1 /* 신고결과받기(LV.1) */,
				9875AD692A360A0100FC8877 /* 실패율(LV.1) */,
				98F222AB2A2371290067AE03 /* 최대공약수와최소공배수(LV.1) */,
				9869FA8B2A1E5CE7008D593A /* 최소직사각형(LV.1) */,
				9875AD5A2A34D3F100FC8877 /* 추억점수(LV.1) */,
				98F222D12A2A3EBE0067AE03 /* 콜라문제(LV.1) */,
				98F222BF2A27164E0067AE03 /* 햄버거만들기(LV.1) */,
			);
			path = LV.1;
			sourceTree = "<group>";
		};
		98BA32222A2DCAD30096EC42 /* LV.2 */ = {
			isa = PBXGroup;
			children = (
				985857DA2A43054500784AB4 /* 예상대진표(LV.2) */,
				98DFB9762A41941F009A4BA3 /* 의상(LV.2) */,
				986EA0042A3DDB49008A0158 /* 튜플(LV.2) */,
				986EA0012A3DDAB3008A0158 /* 오픈채팅방(LV.2) */,
				9875AD792A3B5F0C00FC8877 /* 카펫(LV.2) */,
				9875AD762A3B5A4700FC8877 /* 타겟넘버(LV.2) */,
				9875AD6F2A38093800FC8877 /* 택배배달과수거하기(LV.2) */,
				9875AD6C2A372B1D00FC8877 /* 테이블해시함수(LV.2) */,
				98BA32242A2E16580096EC42 /* 캐시찾기(LV.2) */,
				9869FA912A1EF4D0008D593A /* 소수찾기(LV.2) */,
				98A846062A1C7A49003D99E0 /* 올바른괄호(LV.2) */,
				98F222AE2A24B78C0067AE03 /* 이진변환반복하기(LV.2) */,
				986A535A2A1DBF530043CEEE /* 프로세스(LV.2) */,
				98F222CE2A298EC50067AE03 /* H-Index(LV.2) */,
				98F222CB2A2989230067AE03 /* 가장큰수(LV.2) */,
				98F222A82A222B7B0067AE03 /* JadenCase문자열만들기(LV.2) */,
				98A846042A1C7A45003D99E0 /* 기능개발(LV.2) */,
			);
			path = LV.2;
			sourceTree = "<group>";
		};
		98BA32232A2DCAF40096EC42 /* LV.0 */ = {
			isa = PBXGroup;
			children = (
				9868E20D2A306C3500CC2299 /* 정수를나선형으로배치하기(LV.0) */,
				98F222C22A276C6C0067AE03 /* 옹알이(LV.0) */,
				98F222B42A24B8F80067AE03 /* 두수의합(LV.0) */,
				98A845F92A1BB52E003D99E0 /* 최빈값구하기(LV.0) */,
			);
			path = LV.0;
			sourceTree = "<group>";
		};
		98BA32242A2E16580096EC42 /* 캐시찾기(LV.2) */ = {
			isa = PBXGroup;
			children = (
				98BA32252A2E16680096EC42 /* main.swift */,
			);
			name = "캐시찾기(LV.2)";
			path = "캐시찾기(LV.2)";
			sourceTree = "<group>";
		};
		98BA32272A2EEE6B0096EC42 /* 성격유형검사하기(LV.1) */ = {
			isa = PBXGroup;
			children = (
				98BA32282A2EEE760096EC42 /* main.swift */,
			);
			name = "성격유형검사하기(LV.1)";
			path = "성격유형검사하기(LV.1)";
			sourceTree = "<group>";
		};
		98DFB9722A418829009A4BA3 /* LV.3 */ = {
			isa = PBXGroup;
			children = (
				98DFB9732A41885B009A4BA3 /* 베스트앨범(LV.3) */,
			);
			path = LV.3;
			sourceTree = "<group>";
		};
		98DFB9732A41885B009A4BA3 /* 베스트앨범(LV.3) */ = {
			isa = PBXGroup;
			children = (
				98DFB9742A41886A009A4BA3 /* main.swift */,
			);
			name = "베스트앨범(LV.3)";
			path = "베스트앨범(LV.3)";
			sourceTree = "<group>";
		};
		98DFB9762A41941F009A4BA3 /* 의상(LV.2) */ = {
			isa = PBXGroup;
			children = (
				98DFB9772A419427009A4BA3 /* main.swift */,
			);
			name = "의상(LV.2)";
			path = "의상(LV.2)";
			sourceTree = "<group>";
		};
		98DFB9792A41D438009A4BA3 /* 기사단원의무기(LV.1) */ = {
			isa = PBXGroup;
			children = (
				98DFB97A2A41D445009A4BA3 /* main.swift */,
			);
			name = "기사단원의무기(LV.1)";
			path = "기사단원의무기(LV.1)";
			sourceTree = "<group>";
		};
		98F222A12A2229700067AE03 /* 소수만들기(LV.1) */ = {
			isa = PBXGroup;
			children = (
				98F222A22A2229830067AE03 /* main.swift */,
			);
			name = "소수만들기(LV.1)";
			path = "소수만들기(LV.1)";
			sourceTree = "<group>";
		};
		98F222A42A222A450067AE03 /* 숫자문자열과영단어(LV.1) */ = {
			isa = PBXGroup;
			children = (
				98F222A52A222A570067AE03 /* main.swift */,
			);
			name = "숫자문자열과영단어(LV.1)";
			path = "숫자문자열과영단어(LV1)";
			sourceTree = "<group>";
		};
		98F222A82A222B7B0067AE03 /* JadenCase문자열만들기(LV.2) */ = {
			isa = PBXGroup;
			children = (
				98F222A92A222B890067AE03 /* main.swift */,
			);
			name = "JadenCase문자열만들기(LV.2)";
			path = "JadenCase문자열만들기(LV.2)";
			sourceTree = "<group>";
		};
		98F222AB2A2371290067AE03 /* 최대공약수와최소공배수(LV.1) */ = {
			isa = PBXGroup;
			children = (
				98F222AC2A2371390067AE03 /* main.swift */,
			);
			name = "최대공약수와최소공배수(LV.1)";
			path = "최대공약수와최소공배수(LV.1)";
			sourceTree = "<group>";
		};
		98F222AE2A24B78C0067AE03 /* 이진변환반복하기(LV.2) */ = {
			isa = PBXGroup;
			children = (
				98F222AF2A24B79C0067AE03 /* main.swift */,
			);
			name = "이진변환반복하기(LV.2)";
			path = "이진변환반복하기(LV.2)";
			sourceTree = "<group>";
		};
		98F222B12A24B84D0067AE03 /* 3진법뒤집기(LV.1) */ = {
			isa = PBXGroup;
			children = (
				98F222B22A24B8570067AE03 /* main.swift */,
			);
			name = "3진법뒤집기(LV.1)";
			path = "3진법뒤집기(LV.1)";
			sourceTree = "<group>";
		};
		98F222B42A24B8F80067AE03 /* 두수의합(LV.0) */ = {
			isa = PBXGroup;
			children = (
				98F222B52A24B9030067AE03 /* main.swift */,
			);
			name = "두수의합(LV.0)";
			path = "두수의합(LV.0)";
			sourceTree = "<group>";
		};
		98F222BF2A27164E0067AE03 /* 햄버거만들기(LV.1) */ = {
			isa = PBXGroup;
			children = (
				98F222C02A2716590067AE03 /* main.swift */,
			);
			name = "햄버거만들기(LV.1)";
			path = "햄버거만들기(LV.1)";
			sourceTree = "<group>";
		};
		98F222C22A276C6C0067AE03 /* 옹알이(LV.0) */ = {
			isa = PBXGroup;
			children = (
				98F222C32A276CA60067AE03 /* main.swift */,
			);
			name = "옹알이(LV.0)";
			path = "옹알이(LV.0)";
			sourceTree = "<group>";
		};
		98F222C52A28262D0067AE03 /* 다트게임(LV.1) */ = {
			isa = PBXGroup;
			children = (
				98F222C62A28263B0067AE03 /* main.swift */,
			);
			name = "다트게임(LV.1)";
			path = "다트게임(LV.1)";
			sourceTree = "<group>";
		};
		98F222C82A297D930067AE03 /* K번째수(LV.1) */ = {
			isa = PBXGroup;
			children = (
				98F222C92A297DA00067AE03 /* main.swift */,
			);
			name = "K번째수(LV.1)";
			path = "K번째수(LV.1)";
			sourceTree = "<group>";
		};
		98F222CB2A2989230067AE03 /* 가장큰수(LV.2) */ = {
			isa = PBXGroup;
			children = (
				98F222CC2A29892B0067AE03 /* main.swift */,
			);
			name = "가장큰수(LV.2)";
			path = "가장큰수(LV.2)";
			sourceTree = "<group>";
		};
		98F222CE2A298EC50067AE03 /* H-Index(LV.2) */ = {
			isa = PBXGroup;
			children = (
				98F222CF2A298ED10067AE03 /* main.swift */,
			);
			path = "H-Index(LV.2)";
			sourceTree = "<group>";
		};
		98F222D12A2A3EBE0067AE03 /* 콜라문제(LV.1) */ = {
			isa = PBXGroup;
			children = (
				98F222D22A2A3ECF0067AE03 /* main.swift */,
			);
			name = "콜라문제(LV.1)";
			path = "콜라문제(LV.1)";
			sourceTree = "<group>";
		};
		98F222D42A2B224E0067AE03 /* 공원산책(LV.1) */ = {
			isa = PBXGroup;
			children = (
				98F222D52A2B225C0067AE03 /* main.swift */,
			);
			name = "공원산책(LV.1)";
			path = "공원산책(LV.1)";
			sourceTree = "<group>";
		};
		98F66ACB2A2C7D1800DA27C1 /* 비밀지도(LV.1) */ = {
			isa = PBXGroup;
			children = (
				98F66ACC2A2C7D2D00DA27C1 /* main.swift */,
			);
			name = "비밀지도(LV.1)";
			path = "비밀지도(LV.1)";
			sourceTree = "<group>";
		};
		98F66ACE2A2D73AE00DA27C1 /* N개의최소공배수(LV.1) */ = {
			isa = PBXGroup;
			children = (
				98F66ACF2A2D73BB00DA27C1 /* main.swift */,
			);
			name = "N개의최소공배수(LV.1)";
			path = "N개의최소공배수(LV.1)";
			sourceTree = "<group>";
		};
		98F66AD42A2DCA5700DA27C1 /* 신고결과받기(LV.1) */ = {
			isa = PBXGroup;
			children = (
				98F66AD52A2DCA5700DA27C1 /* main.swift */,
			);
			path = "신고결과받기(LV.1)";
			sourceTree = "<group>";
		};
/* End PBXGroup section */

/* Begin PBXNativeTarget section */
		98B8F0702A0DF81B00FCADED /* Programmers */ = {
			isa = PBXNativeTarget;
			buildConfigurationList = 98B8F0782A0DF81B00FCADED /* Build configuration list for PBXNativeTarget "Programmers" */;
			buildPhases = (
				98B8F06D2A0DF81B00FCADED /* Sources */,
				98B8F06E2A0DF81B00FCADED /* Frameworks */,
				98B8F06F2A0DF81B00FCADED /* CopyFiles */,
			);
			buildRules = (
			);
			dependencies = (
			);
			name = Programmers;
			productName = Programmers;
			productReference = 98B8F0712A0DF81B00FCADED /* Programmers */;
			productType = "com.apple.product-type.tool";
		};
/* End PBXNativeTarget section */

/* Begin PBXProject section */
		98B8F0692A0DF81B00FCADED /* Project object */ = {
			isa = PBXProject;
			attributes = {
				BuildIndependentTargetsInParallel = 1;
				LastSwiftUpdateCheck = 1430;
				LastUpgradeCheck = 1430;
				TargetAttributes = {
					98B8F0702A0DF81B00FCADED = {
						CreatedOnToolsVersion = 14.3;
						LastSwiftMigration = 1430;
					};
				};
			};
			buildConfigurationList = 98B8F06C2A0DF81B00FCADED /* Build configuration list for PBXProject "Programmers" */;
			compatibilityVersion = "Xcode 14.0";
			developmentRegion = en;
			hasScannedForEncodings = 0;
			knownRegions = (
				en,
				Base,
			);
			mainGroup = 98B8F0682A0DF81B00FCADED;
			productRefGroup = 98B8F0722A0DF81B00FCADED /* Products */;
			projectDirPath = "";
			projectRoot = "";
			targets = (
				98B8F0702A0DF81B00FCADED /* Programmers */,
			);
		};
/* End PBXProject section */

/* Begin PBXSourcesBuildPhase section */
		98B8F06D2A0DF81B00FCADED /* Sources */ = {
			isa = PBXSourcesBuildPhase;
			buildActionMask = 2147483647;
			files = (
				985857DC2A43055000784AB4 /* main.swift in Sources */,
			);
			runOnlyForDeploymentPostprocessing = 0;
		};
/* End PBXSourcesBuildPhase section */

/* Begin XCBuildConfiguration section */
		98B8F0762A0DF81B00FCADED /* Debug */ = {
			isa = XCBuildConfiguration;
			buildSettings = {
				ALWAYS_SEARCH_USER_PATHS = NO;
				CLANG_ANALYZER_NONNULL = YES;
				CLANG_ANALYZER_NUMBER_OBJECT_CONVERSION = YES_AGGRESSIVE;
				CLANG_CXX_LANGUAGE_STANDARD = "gnu++20";
				CLANG_ENABLE_MODULES = YES;
				CLANG_ENABLE_OBJC_ARC = YES;
				CLANG_ENABLE_OBJC_WEAK = YES;
				CLANG_WARN_BLOCK_CAPTURE_AUTORELEASING = YES;
				CLANG_WARN_BOOL_CONVERSION = YES;
				CLANG_WARN_COMMA = YES;
				CLANG_WARN_CONSTANT_CONVERSION = YES;
				CLANG_WARN_DEPRECATED_OBJC_IMPLEMENTATIONS = YES;
				CLANG_WARN_DIRECT_OBJC_ISA_USAGE = YES_ERROR;
				CLANG_WARN_DOCUMENTATION_COMMENTS = YES;
				CLANG_WARN_EMPTY_BODY = YES;
				CLANG_WARN_ENUM_CONVERSION = YES;
				CLANG_WARN_INFINITE_RECURSION = YES;
				CLANG_WARN_INT_CONVERSION = YES;
				CLANG_WARN_NON_LITERAL_NULL_CONVERSION = YES;
				CLANG_WARN_OBJC_IMPLICIT_RETAIN_SELF = YES;
				CLANG_WARN_OBJC_LITERAL_CONVERSION = YES;
				CLANG_WARN_OBJC_ROOT_CLASS = YES_ERROR;
				CLANG_WARN_QUOTED_INCLUDE_IN_FRAMEWORK_HEADER = YES;
				CLANG_WARN_RANGE_LOOP_ANALYSIS = YES;
				CLANG_WARN_STRICT_PROTOTYPES = YES;
				CLANG_WARN_SUSPICIOUS_MOVE = YES;
				CLANG_WARN_UNGUARDED_AVAILABILITY = YES_AGGRESSIVE;
				CLANG_WARN_UNREACHABLE_CODE = YES;
				CLANG_WARN__DUPLICATE_METHOD_MATCH = YES;
				COPY_PHASE_STRIP = NO;
				DEBUG_INFORMATION_FORMAT = dwarf;
				ENABLE_STRICT_OBJC_MSGSEND = YES;
				ENABLE_TESTABILITY = YES;
				GCC_C_LANGUAGE_STANDARD = gnu11;
				GCC_DYNAMIC_NO_PIC = NO;
				GCC_NO_COMMON_BLOCKS = YES;
				GCC_OPTIMIZATION_LEVEL = 0;
				GCC_PREPROCESSOR_DEFINITIONS = (
					"DEBUG=1",
					"$(inherited)",
				);
				GCC_WARN_64_TO_32_BIT_CONVERSION = YES;
				GCC_WARN_ABOUT_RETURN_TYPE = YES_ERROR;
				GCC_WARN_UNDECLARED_SELECTOR = YES;
				GCC_WARN_UNINITIALIZED_AUTOS = YES_AGGRESSIVE;
				GCC_WARN_UNUSED_FUNCTION = YES;
				GCC_WARN_UNUSED_VARIABLE = YES;
				MACOSX_DEPLOYMENT_TARGET = 13.3;
				MTL_ENABLE_DEBUG_INFO = INCLUDE_SOURCE;
				MTL_FAST_MATH = YES;
				ONLY_ACTIVE_ARCH = YES;
				SDKROOT = macosx;
				SWIFT_ACTIVE_COMPILATION_CONDITIONS = DEBUG;
				SWIFT_OPTIMIZATION_LEVEL = "-Onone";
			};
			name = Debug;
		};
		98B8F0772A0DF81B00FCADED /* Release */ = {
			isa = XCBuildConfiguration;
			buildSettings = {
				ALWAYS_SEARCH_USER_PATHS = NO;
				CLANG_ANALYZER_NONNULL = YES;
				CLANG_ANALYZER_NUMBER_OBJECT_CONVERSION = YES_AGGRESSIVE;
				CLANG_CXX_LANGUAGE_STANDARD = "gnu++20";
				CLANG_ENABLE_MODULES = YES;
				CLANG_ENABLE_OBJC_ARC = YES;
				CLANG_ENABLE_OBJC_WEAK = YES;
				CLANG_WARN_BLOCK_CAPTURE_AUTORELEASING = YES;
				CLANG_WARN_BOOL_CONVERSION = YES;
				CLANG_WARN_COMMA = YES;
				CLANG_WARN_CONSTANT_CONVERSION = YES;
				CLANG_WARN_DEPRECATED_OBJC_IMPLEMENTATIONS = YES;
				CLANG_WARN_DIRECT_OBJC_ISA_USAGE = YES_ERROR;
				CLANG_WARN_DOCUMENTATION_COMMENTS = YES;
				CLANG_WARN_EMPTY_BODY = YES;
				CLANG_WARN_ENUM_CONVERSION = YES;
				CLANG_WARN_INFINITE_RECURSION = YES;
				CLANG_WARN_INT_CONVERSION = YES;
				CLANG_WARN_NON_LITERAL_NULL_CONVERSION = YES;
				CLANG_WARN_OBJC_IMPLICIT_RETAIN_SELF = YES;
				CLANG_WARN_OBJC_LITERAL_CONVERSION = YES;
				CLANG_WARN_OBJC_ROOT_CLASS = YES_ERROR;
				CLANG_WARN_QUOTED_INCLUDE_IN_FRAMEWORK_HEADER = YES;
				CLANG_WARN_RANGE_LOOP_ANALYSIS = YES;
				CLANG_WARN_STRICT_PROTOTYPES = YES;
				CLANG_WARN_SUSPICIOUS_MOVE = YES;
				CLANG_WARN_UNGUARDED_AVAILABILITY = YES_AGGRESSIVE;
				CLANG_WARN_UNREACHABLE_CODE = YES;
				CLANG_WARN__DUPLICATE_METHOD_MATCH = YES;
				COPY_PHASE_STRIP = NO;
				DEBUG_INFORMATION_FORMAT = "dwarf-with-dsym";
				ENABLE_NS_ASSERTIONS = NO;
				ENABLE_STRICT_OBJC_MSGSEND = YES;
				GCC_C_LANGUAGE_STANDARD = gnu11;
				GCC_NO_COMMON_BLOCKS = YES;
				GCC_WARN_64_TO_32_BIT_CONVERSION = YES;
				GCC_WARN_ABOUT_RETURN_TYPE = YES_ERROR;
				GCC_WARN_UNDECLARED_SELECTOR = YES;
				GCC_WARN_UNINITIALIZED_AUTOS = YES_AGGRESSIVE;
				GCC_WARN_UNUSED_FUNCTION = YES;
				GCC_WARN_UNUSED_VARIABLE = YES;
				MACOSX_DEPLOYMENT_TARGET = 13.3;
				MTL_ENABLE_DEBUG_INFO = NO;
				MTL_FAST_MATH = YES;
				SDKROOT = macosx;
				SWIFT_COMPILATION_MODE = wholemodule;
				SWIFT_OPTIMIZATION_LEVEL = "-O";
			};
			name = Release;
		};
		98B8F0792A0DF81B00FCADED /* Debug */ = {
			isa = XCBuildConfiguration;
			buildSettings = {
				CLANG_ENABLE_MODULES = YES;
				CODE_SIGN_STYLE = Automatic;
				DEVELOPMENT_TEAM = N6LML762WM;
				ENABLE_HARDENED_RUNTIME = YES;
				PRODUCT_NAME = "$(TARGET_NAME)";
				SWIFT_OPTIMIZATION_LEVEL = "-Onone";
				SWIFT_VERSION = 5.0;
			};
			name = Debug;
		};
		98B8F07A2A0DF81B00FCADED /* Release */ = {
			isa = XCBuildConfiguration;
			buildSettings = {
				CLANG_ENABLE_MODULES = YES;
				CODE_SIGN_STYLE = Automatic;
				DEVELOPMENT_TEAM = N6LML762WM;
				ENABLE_HARDENED_RUNTIME = YES;
				PRODUCT_NAME = "$(TARGET_NAME)";
				SWIFT_VERSION = 5.0;
			};
			name = Release;
		};
/* End XCBuildConfiguration section */

/* Begin XCConfigurationList section */
		98B8F06C2A0DF81B00FCADED /* Build configuration list for PBXProject "Programmers" */ = {
			isa = XCConfigurationList;
			buildConfigurations = (
				98B8F0762A0DF81B00FCADED /* Debug */,
				98B8F0772A0DF81B00FCADED /* Release */,
			);
			defaultConfigurationIsVisible = 0;
			defaultConfigurationName = Release;
		};
		98B8F0782A0DF81B00FCADED /* Build configuration list for PBXNativeTarget "Programmers" */ = {
			isa = XCConfigurationList;
			buildConfigurations = (
				98B8F0792A0DF81B00FCADED /* Debug */,
				98B8F07A2A0DF81B00FCADED /* Release */,
			);
			defaultConfigurationIsVisible = 0;
			defaultConfigurationName = Release;
		};
/* End XCConfigurationList section */
	};
	rootObject = 98B8F0692A0DF81B00FCADED /* Project object */;
}
