// !$*UTF8*$!
{
	archiveVersion = 1;
	classes = {
	};
	objectVersion = 55;
	objects = {

/* Begin PBXBuildFile section */
		9835813B2959C1FB0023BD6A /* 1546.swift in Sources */ = {isa = PBXBuildFile; fileRef = 9835813A2959C1FB0023BD6A /* 1546.swift */; };
		9835813F2959CD350023BD6A /* 8958.swift in Sources */ = {isa = PBXBuildFile; fileRef = 9835813E2959CD350023BD6A /* 8958.swift */; };
		983581412959EE680023BD6A /* 4344.swift in Sources */ = {isa = PBXBuildFile; fileRef = 983581402959EE680023BD6A /* 4344.swift */; };
		98358143295BFA2F0023BD6A /* 4673.swift in Sources */ = {isa = PBXBuildFile; fileRef = 98358142295BFA2F0023BD6A /* 4673.swift */; };
		98358145295DB6670023BD6A /* 1065.swift in Sources */ = {isa = PBXBuildFile; fileRef = 98358144295DB6670023BD6A /* 1065.swift */; };
		98358149295DC3120023BD6A /* 11654.swift in Sources */ = {isa = PBXBuildFile; fileRef = 98358148295DC3120023BD6A /* 11654.swift */; };
		9835814B295EB6640023BD6A /* 11720.swift in Sources */ = {isa = PBXBuildFile; fileRef = 9835814A295EB6640023BD6A /* 11720.swift */; };
		9835814D295EFA070023BD6A /* 10809.swift in Sources */ = {isa = PBXBuildFile; fileRef = 9835814C295EFA070023BD6A /* 10809.swift */; };
		9835814F2963012F0023BD6A /* 2675.swift in Sources */ = {isa = PBXBuildFile; fileRef = 9835814E2963012F0023BD6A /* 2675.swift */; };
		98358151296323370023BD6A /* 1157.swift in Sources */ = {isa = PBXBuildFile; fileRef = 98358150296323370023BD6A /* 1157.swift */; };
		983581532964368C0023BD6A /* 1152.swift in Sources */ = {isa = PBXBuildFile; fileRef = 983581522964368C0023BD6A /* 1152.swift */; };
		9835815529643AF10023BD6A /* 2908.swift in Sources */ = {isa = PBXBuildFile; fileRef = 9835815429643AF10023BD6A /* 2908.swift */; };
		9835815729644FB70023BD6A /* 5622.swift in Sources */ = {isa = PBXBuildFile; fileRef = 9835815629644FB70023BD6A /* 5622.swift */; };
		983581592965173C0023BD6A /* 2941.swift in Sources */ = {isa = PBXBuildFile; fileRef = 983581582965173C0023BD6A /* 2941.swift */; };
		9835815B296565E30023BD6A /* 1316.swift in Sources */ = {isa = PBXBuildFile; fileRef = 9835815A296565E30023BD6A /* 1316.swift */; };
		9835815E29669B300023BD6A /* 1712.swift in Sources */ = {isa = PBXBuildFile; fileRef = 9835815D29669B300023BD6A /* 1712.swift */; };
		983581602966B2270023BD6A /* 2292.swift in Sources */ = {isa = PBXBuildFile; fileRef = 9835815F2966B2270023BD6A /* 2292.swift */; };
		98358162296784F90023BD6A /* 1193.swift in Sources */ = {isa = PBXBuildFile; fileRef = 98358161296784F90023BD6A /* 1193.swift */; };
		98358164296796DF0023BD6A /* 2869.swift in Sources */ = {isa = PBXBuildFile; fileRef = 98358163296796DF0023BD6A /* 2869.swift */; };
		983581662967F17C0023BD6A /* 10250.swift in Sources */ = {isa = PBXBuildFile; fileRef = 983581652967F17C0023BD6A /* 10250.swift */; };
		98AC4A5D295947CE00ED2F78 /* main.swift in Sources */ = {isa = PBXBuildFile; fileRef = 9813AF3F2868B8B80087D10A /* main.swift */; };
		98AC4A662959A59F00ED2F78 /* 3052.swift in Sources */ = {isa = PBXBuildFile; fileRef = 98AC4A652959A59F00ED2F78 /* 3052.swift */; };
/* End PBXBuildFile section */

/* Begin PBXCopyFilesBuildPhase section */
		985FBE0E2861A4A600B9B672 /* CopyFiles */ = {
			isa = PBXCopyFilesBuildPhase;
			buildActionMask = 2147483647;
			dstPath = /usr/share/man/man1/;
			dstSubfolderSpec = 0;
			files = (
			);
			runOnlyForDeploymentPostprocessing = 1;
		};
/* End PBXCopyFilesBuildPhase section */

/* Begin PBXFileReference section */
		980BFDDA2955A65900D59053 /* 3003.swift */ = {isa = PBXFileReference; lastKnownFileType = sourcecode.swift; path = 3003.swift; sourceTree = "<group>"; };
		980BFDDC2955B59500D59053 /* 25304.swift */ = {isa = PBXFileReference; lastKnownFileType = sourcecode.swift; path = 25304.swift; sourceTree = "<group>"; };
		9813AF332868A2BD0087D10A /* 시간계산코드.swift */ = {isa = PBXFileReference; lastKnownFileType = sourcecode.swift; path = "시간계산코드.swift"; sourceTree = "<group>"; };
		9813AF362868A52F0087D10A /* 2741.swift */ = {isa = PBXFileReference; lastKnownFileType = sourcecode.swift; path = 2741.swift; sourceTree = "<group>"; };
		9813AF382868AE540087D10A /* 2742.swift */ = {isa = PBXFileReference; lastKnownFileType = sourcecode.swift; path = 2742.swift; sourceTree = "<group>"; };
		9813AF3B2868B5B90087D10A /* 11021.swift */ = {isa = PBXFileReference; lastKnownFileType = sourcecode.swift; path = 11021.swift; sourceTree = "<group>"; };
		9813AF3D2868B7C10087D10A /* 11022.swift */ = {isa = PBXFileReference; lastKnownFileType = sourcecode.swift; path = 11022.swift; sourceTree = "<group>"; };
		9813AF3F2868B8B80087D10A /* main.swift */ = {isa = PBXFileReference; lastKnownFileType = sourcecode.swift; path = main.swift; sourceTree = "<group>"; };
		98141BC12956E35C00A79CD9 /* 1110.swift */ = {isa = PBXFileReference; lastKnownFileType = sourcecode.swift; path = 1110.swift; sourceTree = "<group>"; };
		981D14962861A6600024B7C0 /* 10718.swift */ = {isa = PBXFileReference; lastKnownFileType = sourcecode.swift; path = 10718.swift; sourceTree = "<group>"; };
		981D149A2861ABC50024B7C0 /* 10172.swift */ = {isa = PBXFileReference; lastKnownFileType = sourcecode.swift; path = 10172.swift; sourceTree = "<group>"; };
		981D149C2861AC750024B7C0 /* 1000.swift */ = {isa = PBXFileReference; lastKnownFileType = sourcecode.swift; path = 1000.swift; sourceTree = "<group>"; };
		981D149F2861B6550024B7C0 /* 1001.swift */ = {isa = PBXFileReference; lastKnownFileType = sourcecode.swift; path = 1001.swift; sourceTree = "<group>"; };
		981D14A12861C6150024B7C0 /* 10998.swift */ = {isa = PBXFileReference; lastKnownFileType = sourcecode.swift; path = 10998.swift; sourceTree = "<group>"; };
		981D14A32861C95A0024B7C0 /* 1008.swift */ = {isa = PBXFileReference; lastKnownFileType = sourcecode.swift; path = 1008.swift; sourceTree = "<group>"; };
		9835813A2959C1FB0023BD6A /* 1546.swift */ = {isa = PBXFileReference; lastKnownFileType = sourcecode.swift; path = 1546.swift; sourceTree = "<group>"; };
		9835813E2959CD350023BD6A /* 8958.swift */ = {isa = PBXFileReference; lastKnownFileType = sourcecode.swift; path = 8958.swift; sourceTree = "<group>"; };
		983581402959EE680023BD6A /* 4344.swift */ = {isa = PBXFileReference; lastKnownFileType = sourcecode.swift; path = 4344.swift; sourceTree = "<group>"; };
		98358142295BFA2F0023BD6A /* 4673.swift */ = {isa = PBXFileReference; lastKnownFileType = sourcecode.swift; path = 4673.swift; sourceTree = "<group>"; };
		98358144295DB6670023BD6A /* 1065.swift */ = {isa = PBXFileReference; lastKnownFileType = sourcecode.swift; path = 1065.swift; sourceTree = "<group>"; };
		98358148295DC3120023BD6A /* 11654.swift */ = {isa = PBXFileReference; lastKnownFileType = sourcecode.swift; path = 11654.swift; sourceTree = "<group>"; };
		9835814A295EB6640023BD6A /* 11720.swift */ = {isa = PBXFileReference; lastKnownFileType = sourcecode.swift; path = 11720.swift; sourceTree = "<group>"; };
		9835814C295EFA070023BD6A /* 10809.swift */ = {isa = PBXFileReference; lastKnownFileType = sourcecode.swift; path = 10809.swift; sourceTree = "<group>"; };
		9835814E2963012F0023BD6A /* 2675.swift */ = {isa = PBXFileReference; lastKnownFileType = sourcecode.swift; path = 2675.swift; sourceTree = "<group>"; };
		98358150296323370023BD6A /* 1157.swift */ = {isa = PBXFileReference; lastKnownFileType = sourcecode.swift; path = 1157.swift; sourceTree = "<group>"; };
		983581522964368C0023BD6A /* 1152.swift */ = {isa = PBXFileReference; lastKnownFileType = sourcecode.swift; path = 1152.swift; sourceTree = "<group>"; };
		9835815429643AF10023BD6A /* 2908.swift */ = {isa = PBXFileReference; lastKnownFileType = sourcecode.swift; path = 2908.swift; sourceTree = "<group>"; };
		9835815629644FB70023BD6A /* 5622.swift */ = {isa = PBXFileReference; lastKnownFileType = sourcecode.swift; path = 5622.swift; sourceTree = "<group>"; };
		983581582965173C0023BD6A /* 2941.swift */ = {isa = PBXFileReference; lastKnownFileType = sourcecode.swift; path = 2941.swift; sourceTree = "<group>"; };
		9835815A296565E30023BD6A /* 1316.swift */ = {isa = PBXFileReference; lastKnownFileType = sourcecode.swift; path = 1316.swift; sourceTree = "<group>"; };
		9835815D29669B300023BD6A /* 1712.swift */ = {isa = PBXFileReference; lastKnownFileType = sourcecode.swift; path = 1712.swift; sourceTree = "<group>"; };
		9835815F2966B2270023BD6A /* 2292.swift */ = {isa = PBXFileReference; lastKnownFileType = sourcecode.swift; path = 2292.swift; sourceTree = "<group>"; };
		98358161296784F90023BD6A /* 1193.swift */ = {isa = PBXFileReference; lastKnownFileType = sourcecode.swift; path = 1193.swift; sourceTree = "<group>"; };
		98358163296796DF0023BD6A /* 2869.swift */ = {isa = PBXFileReference; lastKnownFileType = sourcecode.swift; path = 2869.swift; sourceTree = "<group>"; };
		983581652967F17C0023BD6A /* 10250.swift */ = {isa = PBXFileReference; lastKnownFileType = sourcecode.swift; path = 10250.swift; sourceTree = "<group>"; };
		985FBE102861A4A600B9B672 /* Algorithm */ = {isa = PBXFileReference; explicitFileType = "compiled.mach-o.executable"; includeInIndex = 0; path = Algorithm; sourceTree = BUILT_PRODUCTS_DIR; };
		985FBE132861A4A600B9B672 /* 10171.swift */ = {isa = PBXFileReference; lastKnownFileType = sourcecode.swift; path = 10171.swift; sourceTree = "<group>"; };
		985FBE1A2861A4AF00B9B672 /* 2557.swift */ = {isa = PBXFileReference; lastKnownFileType = sourcecode.swift; path = 2557.swift; sourceTree = "<group>"; };
		988E445528641EE400C69802 /* 9498.swift */ = {isa = PBXFileReference; lastKnownFileType = sourcecode.swift; path = 9498.swift; sourceTree = "<group>"; };
		988E44572864208700C69802 /* 2753.swift */ = {isa = PBXFileReference; lastKnownFileType = sourcecode.swift; path = 2753.swift; sourceTree = "<group>"; };
		988E44592864D3DF00C69802 /* 14681.swift */ = {isa = PBXFileReference; lastKnownFileType = sourcecode.swift; path = 14681.swift; sourceTree = "<group>"; };
		988E445B2864E50F00C69802 /* 2884.swift */ = {isa = PBXFileReference; lastKnownFileType = sourcecode.swift; path = 2884.swift; sourceTree = "<group>"; };
		98AC4A5729581A1000ED2F78 /* 10807.swift */ = {isa = PBXFileReference; lastKnownFileType = sourcecode.swift; path = 10807.swift; sourceTree = "<group>"; };
		98AC4A59295820F100ED2F78 /* 10871.swift */ = {isa = PBXFileReference; lastKnownFileType = sourcecode.swift; path = 10871.swift; sourceTree = "<group>"; };
		98AC4A5F295954C100ED2F78 /* 10818.swift */ = {isa = PBXFileReference; lastKnownFileType = sourcecode.swift; path = 10818.swift; sourceTree = "<group>"; };
		98AC4A6129595FFE00ED2F78 /* 2562.swift */ = {isa = PBXFileReference; lastKnownFileType = sourcecode.swift; path = 2562.swift; sourceTree = "<group>"; };
		98AC4A632959714E00ED2F78 /* 5597.swift */ = {isa = PBXFileReference; lastKnownFileType = sourcecode.swift; path = 5597.swift; sourceTree = "<group>"; };
		98AC4A652959A59F00ED2F78 /* 3052.swift */ = {isa = PBXFileReference; lastKnownFileType = sourcecode.swift; path = 3052.swift; sourceTree = "<group>"; };
		98B03D9C2866B9C9007A20AF /* 2525.swift */ = {isa = PBXFileReference; lastKnownFileType = sourcecode.swift; path = 2525.swift; sourceTree = "<group>"; };
		98B03D9E2867432F007A20AF /* 2480.swift */ = {isa = PBXFileReference; lastKnownFileType = sourcecode.swift; path = 2480.swift; sourceTree = "<group>"; };
		98B03DA028674B4B007A20AF /* 2739.swift */ = {isa = PBXFileReference; lastKnownFileType = sourcecode.swift; path = 2739.swift; sourceTree = "<group>"; };
		98B03DA428683062007A20AF /* 10950.swift */ = {isa = PBXFileReference; lastKnownFileType = sourcecode.swift; path = 10950.swift; sourceTree = "<group>"; };
		98B03DA628685CE5007A20AF /* 8393.swift */ = {isa = PBXFileReference; lastKnownFileType = sourcecode.swift; path = 8393.swift; sourceTree = "<group>"; };
		98B7486C28631E3A0012EE28 /* 10430.swift */ = {isa = PBXFileReference; lastKnownFileType = sourcecode.swift; path = 10430.swift; sourceTree = "<group>"; };
		98B7486E286321640012EE28 /* 25083.swift */ = {isa = PBXFileReference; lastKnownFileType = sourcecode.swift; path = 25083.swift; sourceTree = "<group>"; };
		98B7487028637BFD0012EE28 /* 2588.swift */ = {isa = PBXFileReference; lastKnownFileType = sourcecode.swift; path = 2588.swift; sourceTree = "<group>"; };
		98B74872286386A40012EE28 /* 1330.swift */ = {isa = PBXFileReference; lastKnownFileType = sourcecode.swift; path = 1330.swift; sourceTree = "<group>"; };
		98D44728286217F500895993 /* 10869.swift */ = {isa = PBXFileReference; lastKnownFileType = sourcecode.swift; path = 10869.swift; sourceTree = "<group>"; };
		98D447292862180500895993 /* 18108.swift */ = {isa = PBXFileReference; lastKnownFileType = sourcecode.swift; path = 18108.swift; sourceTree = "<group>"; };
		98D44739286220B200895993 /* 1008.swift */ = {isa = PBXFileReference; lastKnownFileType = sourcecode.swift; path = 1008.swift; sourceTree = "<group>"; };
		98D4473A286220DE00895993 /* 10869.swift */ = {isa = PBXFileReference; lastKnownFileType = sourcecode.swift; path = 10869.swift; sourceTree = "<group>"; };
		98D4473B2862210300895993 /* 10926.swift */ = {isa = PBXFileReference; lastKnownFileType = sourcecode.swift; path = 10926.swift; sourceTree = "<group>"; };
		98F2E05B2955FF8F009690AB /* 2438.swift */ = {isa = PBXFileReference; lastKnownFileType = sourcecode.swift; path = 2438.swift; sourceTree = "<group>"; };
		98F2E05D29560D6A009690AB /* 2439.swift */ = {isa = PBXFileReference; lastKnownFileType = sourcecode.swift; path = 2439.swift; sourceTree = "<group>"; };
		98F2E05F29562969009690AB /* 10952.swift */ = {isa = PBXFileReference; lastKnownFileType = sourcecode.swift; path = 10952.swift; sourceTree = "<group>"; };
		98F2E0612956AA49009690AB /* 10951.swift */ = {isa = PBXFileReference; lastKnownFileType = sourcecode.swift; path = 10951.swift; sourceTree = "<group>"; };
/* End PBXFileReference section */

/* Begin PBXFrameworksBuildPhase section */
		985FBE0D2861A4A600B9B672 /* Frameworks */ = {
			isa = PBXFrameworksBuildPhase;
			buildActionMask = 2147483647;
			files = (
			);
			runOnlyForDeploymentPostprocessing = 0;
		};
/* End PBXFrameworksBuildPhase section */

/* Begin PBXGroup section */
		981D149E2861AC870024B7C0 /* 입출력과 사칙연산 */ = {
			isa = PBXGroup;
			children = (
				98B7486E286321640012EE28 /* 25083.swift */,
				98B7487028637BFD0012EE28 /* 2588.swift */,
				98B7486C28631E3A0012EE28 /* 10430.swift */,
				98D447292862180500895993 /* 18108.swift */,
				98D4473B2862210300895993 /* 10926.swift */,
				98D4473A286220DE00895993 /* 10869.swift */,
				98D44739286220B200895993 /* 1008.swift */,
				98D44728286217F500895993 /* 10869.swift */,
				981D14A32861C95A0024B7C0 /* 1008.swift */,
				981D14A12861C6150024B7C0 /* 10998.swift */,
				981D149F2861B6550024B7C0 /* 1001.swift */,
				981D149C2861AC750024B7C0 /* 1000.swift */,
				981D149A2861ABC50024B7C0 /* 10172.swift */,
				985FBE132861A4A600B9B672 /* 10171.swift */,
				981D14962861A6600024B7C0 /* 10718.swift */,
				985FBE1A2861A4AF00B9B672 /* 2557.swift */,
				980BFDDA2955A65900D59053 /* 3003.swift */,
			);
			name = "입출력과 사칙연산";
			path = "입출력과 사칙연산";
			sourceTree = "<group>";
		};
		98358146295DC2F90023BD6A /* 함수 */ = {
			isa = PBXGroup;
			children = (
				98358142295BFA2F0023BD6A /* 4673.swift */,
				98358144295DB6670023BD6A /* 1065.swift */,
			);
			name = "함수";
			path = "함수";
			sourceTree = "<group>";
		};
		98358147295DC3010023BD6A /* 문자열 */ = {
			isa = PBXGroup;
			children = (
				98358148295DC3120023BD6A /* 11654.swift */,
				9835814A295EB6640023BD6A /* 11720.swift */,
				9835814C295EFA070023BD6A /* 10809.swift */,
				9835814E2963012F0023BD6A /* 2675.swift */,
				98358150296323370023BD6A /* 1157.swift */,
				983581522964368C0023BD6A /* 1152.swift */,
				9835815429643AF10023BD6A /* 2908.swift */,
				9835815629644FB70023BD6A /* 5622.swift */,
				983581582965173C0023BD6A /* 2941.swift */,
				9835815A296565E30023BD6A /* 1316.swift */,
			);
			name = "문자열";
			path = "문자열";
			sourceTree = "<group>";
		};
		9835815C29669B200023BD6A /* 기본수학1 */ = {
			isa = PBXGroup;
			children = (
				9835815D29669B300023BD6A /* 1712.swift */,
				9835815F2966B2270023BD6A /* 2292.swift */,
				98358161296784F90023BD6A /* 1193.swift */,
				98358163296796DF0023BD6A /* 2869.swift */,
				983581652967F17C0023BD6A /* 10250.swift */,
			);
			name = "기본수학1";
			path = "기본수학1";
			sourceTree = "<group>";
		};
		985FBE072861A4A600B9B672 = {
			isa = PBXGroup;
			children = (
				985FBE122861A4A600B9B672 /* Algorithm */,
				9813AF332868A2BD0087D10A /* 시간계산코드.swift */,
				985FBE112861A4A600B9B672 /* Products */,
			);
			sourceTree = "<group>";
		};
		985FBE112861A4A600B9B672 /* Products */ = {
			isa = PBXGroup;
			children = (
				985FBE102861A4A600B9B672 /* Algorithm */,
			);
			name = Products;
			sourceTree = "<group>";
		};
		985FBE122861A4A600B9B672 /* Algorithm */ = {
			isa = PBXGroup;
			children = (
				9813AF3F2868B8B80087D10A /* main.swift */,
				9835815C29669B200023BD6A /* 기본수학1 */,
				98358147295DC3010023BD6A /* 문자열 */,
				98358146295DC2F90023BD6A /* 함수 */,
				98AC4A5629580DC600ED2F78 /* 1차원 배열 */,
				98B03DA328674B9B007A20AF /* 반복문 */,
				98B74874286387250012EE28 /* 조건문 */,
				981D149E2861AC870024B7C0 /* 입출력과 사칙연산 */,
			);
			path = Algorithm;
			sourceTree = "<group>";
		};
		98AC4A5629580DC600ED2F78 /* 1차원 배열 */ = {
			isa = PBXGroup;
			children = (
				98AC4A5729581A1000ED2F78 /* 10807.swift */,
				98AC4A59295820F100ED2F78 /* 10871.swift */,
				98AC4A5F295954C100ED2F78 /* 10818.swift */,
				98AC4A6129595FFE00ED2F78 /* 2562.swift */,
				98AC4A632959714E00ED2F78 /* 5597.swift */,
				98AC4A652959A59F00ED2F78 /* 3052.swift */,
				9835813A2959C1FB0023BD6A /* 1546.swift */,
				9835813E2959CD350023BD6A /* 8958.swift */,
				983581402959EE680023BD6A /* 4344.swift */,
			);
			name = "1차원 배열";
			path = "1차원 배열";
			sourceTree = "<group>";
		};
		98B03DA328674B9B007A20AF /* 반복문 */ = {
			isa = PBXGroup;
			children = (
				9813AF3D2868B7C10087D10A /* 11022.swift */,
				9813AF3B2868B5B90087D10A /* 11021.swift */,
				9813AF382868AE540087D10A /* 2742.swift */,
				9813AF362868A52F0087D10A /* 2741.swift */,
				98B03DA428683062007A20AF /* 10950.swift */,
				98B03DA628685CE5007A20AF /* 8393.swift */,
				98B03DA028674B4B007A20AF /* 2739.swift */,
				980BFDDC2955B59500D59053 /* 25304.swift */,
				98F2E05B2955FF8F009690AB /* 2438.swift */,
				98F2E05D29560D6A009690AB /* 2439.swift */,
				98F2E05F29562969009690AB /* 10952.swift */,
				98F2E0612956AA49009690AB /* 10951.swift */,
				98141BC12956E35C00A79CD9 /* 1110.swift */,
			);
			name = "반복문";
			path = "반복문";
			sourceTree = "<group>";
		};
		98B74874286387250012EE28 /* 조건문 */ = {
			isa = PBXGroup;
			children = (
				98B03D9E2867432F007A20AF /* 2480.swift */,
				98B03D9C2866B9C9007A20AF /* 2525.swift */,
				988E445B2864E50F00C69802 /* 2884.swift */,
				988E44592864D3DF00C69802 /* 14681.swift */,
				988E44572864208700C69802 /* 2753.swift */,
				988E445528641EE400C69802 /* 9498.swift */,
				98B74872286386A40012EE28 /* 1330.swift */,
			);
			name = "조건문";
			path = "조건문";
			sourceTree = "<group>";
		};
/* End PBXGroup section */

/* Begin PBXNativeTarget section */
		985FBE0F2861A4A600B9B672 /* Algorithm */ = {
			isa = PBXNativeTarget;
			buildConfigurationList = 985FBE172861A4A600B9B672 /* Build configuration list for PBXNativeTarget "Algorithm" */;
			buildPhases = (
				985FBE0C2861A4A600B9B672 /* Sources */,
				985FBE0D2861A4A600B9B672 /* Frameworks */,
				985FBE0E2861A4A600B9B672 /* CopyFiles */,
			);
			buildRules = (
			);
			dependencies = (
			);
			name = Algorithm;
			productName = Algorithm;
			productReference = 985FBE102861A4A600B9B672 /* Algorithm */;
			productType = "com.apple.product-type.tool";
		};
/* End PBXNativeTarget section */

/* Begin PBXProject section */
		985FBE082861A4A600B9B672 /* Project object */ = {
			isa = PBXProject;
			attributes = {
				BuildIndependentTargetsInParallel = 1;
				LastSwiftUpdateCheck = 1340;
				LastUpgradeCheck = 1340;
				TargetAttributes = {
					985FBE0F2861A4A600B9B672 = {
						CreatedOnToolsVersion = 13.4.1;
						LastSwiftMigration = 1340;
					};
				};
			};
			buildConfigurationList = 985FBE0B2861A4A600B9B672 /* Build configuration list for PBXProject "Algorithm" */;
			compatibilityVersion = "Xcode 13.0";
			developmentRegion = en;
			hasScannedForEncodings = 0;
			knownRegions = (
				en,
				Base,
			);
			mainGroup = 985FBE072861A4A600B9B672;
			productRefGroup = 985FBE112861A4A600B9B672 /* Products */;
			projectDirPath = "";
			projectRoot = "";
			targets = (
				985FBE0F2861A4A600B9B672 /* Algorithm */,
			);
		};
/* End PBXProject section */

/* Begin PBXSourcesBuildPhase section */
		985FBE0C2861A4A600B9B672 /* Sources */ = {
			isa = PBXSourcesBuildPhase;
			buildActionMask = 2147483647;
			files = (
				983581532964368C0023BD6A /* 1152.swift in Sources */,
				9835813B2959C1FB0023BD6A /* 1546.swift in Sources */,
				983581662967F17C0023BD6A /* 10250.swift in Sources */,
				98358143295BFA2F0023BD6A /* 4673.swift in Sources */,
				98AC4A5D295947CE00ED2F78 /* main.swift in Sources */,
				9835815E29669B300023BD6A /* 1712.swift in Sources */,
				9835815529643AF10023BD6A /* 2908.swift in Sources */,
				983581592965173C0023BD6A /* 2941.swift in Sources */,
				9835815B296565E30023BD6A /* 1316.swift in Sources */,
				98358151296323370023BD6A /* 1157.swift in Sources */,
				9835814B295EB6640023BD6A /* 11720.swift in Sources */,
				98358145295DB6670023BD6A /* 1065.swift in Sources */,
				98358162296784F90023BD6A /* 1193.swift in Sources */,
				983581602966B2270023BD6A /* 2292.swift in Sources */,
				9835815729644FB70023BD6A /* 5622.swift in Sources */,
				983581412959EE680023BD6A /* 4344.swift in Sources */,
				9835814F2963012F0023BD6A /* 2675.swift in Sources */,
				98AC4A662959A59F00ED2F78 /* 3052.swift in Sources */,
				9835813F2959CD350023BD6A /* 8958.swift in Sources */,
				98358164296796DF0023BD6A /* 2869.swift in Sources */,
				9835814D295EFA070023BD6A /* 10809.swift in Sources */,
				98358149295DC3120023BD6A /* 11654.swift in Sources */,
			);
			runOnlyForDeploymentPostprocessing = 0;
		};
/* End PBXSourcesBuildPhase section */

/* Begin XCBuildConfiguration section */
		985FBE152861A4A600B9B672 /* Debug */ = {
			isa = XCBuildConfiguration;
			buildSettings = {
				ALWAYS_SEARCH_USER_PATHS = NO;
				CLANG_ANALYZER_NONNULL = YES;
				CLANG_ANALYZER_NUMBER_OBJECT_CONVERSION = YES_AGGRESSIVE;
				CLANG_CXX_LANGUAGE_STANDARD = "gnu++17";
				CLANG_ENABLE_MODULES = YES;
				CLANG_ENABLE_OBJC_ARC = YES;
				CLANG_ENABLE_OBJC_WEAK = YES;
				CLANG_WARN_BLOCK_CAPTURE_AUTORELEASING = YES;
				CLANG_WARN_BOOL_CONVERSION = YES;
				CLANG_WARN_COMMA = YES;
				CLANG_WARN_CONSTANT_CONVERSION = YES;
				CLANG_WARN_DEPRECATED_OBJC_IMPLEMENTATIONS = YES;
				CLANG_WARN_DIRECT_OBJC_ISA_USAGE = YES_ERROR;
				CLANG_WARN_DOCUMENTATION_COMMENTS = YES;
				CLANG_WARN_EMPTY_BODY = YES;
				CLANG_WARN_ENUM_CONVERSION = YES;
				CLANG_WARN_INFINITE_RECURSION = YES;
				CLANG_WARN_INT_CONVERSION = YES;
				CLANG_WARN_NON_LITERAL_NULL_CONVERSION = YES;
				CLANG_WARN_OBJC_IMPLICIT_RETAIN_SELF = YES;
				CLANG_WARN_OBJC_LITERAL_CONVERSION = YES;
				CLANG_WARN_OBJC_ROOT_CLASS = YES_ERROR;
				CLANG_WARN_QUOTED_INCLUDE_IN_FRAMEWORK_HEADER = YES;
				CLANG_WARN_RANGE_LOOP_ANALYSIS = YES;
				CLANG_WARN_STRICT_PROTOTYPES = YES;
				CLANG_WARN_SUSPICIOUS_MOVE = YES;
				CLANG_WARN_UNGUARDED_AVAILABILITY = YES_AGGRESSIVE;
				CLANG_WARN_UNREACHABLE_CODE = YES;
				CLANG_WARN__DUPLICATE_METHOD_MATCH = YES;
				COPY_PHASE_STRIP = NO;
				DEBUG_INFORMATION_FORMAT = dwarf;
				ENABLE_STRICT_OBJC_MSGSEND = YES;
				ENABLE_TESTABILITY = YES;
				GCC_C_LANGUAGE_STANDARD = gnu11;
				GCC_DYNAMIC_NO_PIC = NO;
				GCC_NO_COMMON_BLOCKS = YES;
				GCC_OPTIMIZATION_LEVEL = 0;
				GCC_PREPROCESSOR_DEFINITIONS = (
					"DEBUG=1",
					"$(inherited)",
				);
				GCC_WARN_64_TO_32_BIT_CONVERSION = YES;
				GCC_WARN_ABOUT_RETURN_TYPE = YES_ERROR;
				GCC_WARN_UNDECLARED_SELECTOR = YES;
				GCC_WARN_UNINITIALIZED_AUTOS = YES_AGGRESSIVE;
				GCC_WARN_UNUSED_FUNCTION = YES;
				GCC_WARN_UNUSED_VARIABLE = YES;
				MACOSX_DEPLOYMENT_TARGET = 12.3;
				MTL_ENABLE_DEBUG_INFO = INCLUDE_SOURCE;
				MTL_FAST_MATH = YES;
				ONLY_ACTIVE_ARCH = YES;
				SDKROOT = macosx;
				SWIFT_ACTIVE_COMPILATION_CONDITIONS = DEBUG;
				SWIFT_OPTIMIZATION_LEVEL = "-Onone";
			};
			name = Debug;
		};
		985FBE162861A4A600B9B672 /* Release */ = {
			isa = XCBuildConfiguration;
			buildSettings = {
				ALWAYS_SEARCH_USER_PATHS = NO;
				CLANG_ANALYZER_NONNULL = YES;
				CLANG_ANALYZER_NUMBER_OBJECT_CONVERSION = YES_AGGRESSIVE;
				CLANG_CXX_LANGUAGE_STANDARD = "gnu++17";
				CLANG_ENABLE_MODULES = YES;
				CLANG_ENABLE_OBJC_ARC = YES;
				CLANG_ENABLE_OBJC_WEAK = YES;
				CLANG_WARN_BLOCK_CAPTURE_AUTORELEASING = YES;
				CLANG_WARN_BOOL_CONVERSION = YES;
				CLANG_WARN_COMMA = YES;
				CLANG_WARN_CONSTANT_CONVERSION = YES;
				CLANG_WARN_DEPRECATED_OBJC_IMPLEMENTATIONS = YES;
				CLANG_WARN_DIRECT_OBJC_ISA_USAGE = YES_ERROR;
				CLANG_WARN_DOCUMENTATION_COMMENTS = YES;
				CLANG_WARN_EMPTY_BODY = YES;
				CLANG_WARN_ENUM_CONVERSION = YES;
				CLANG_WARN_INFINITE_RECURSION = YES;
				CLANG_WARN_INT_CONVERSION = YES;
				CLANG_WARN_NON_LITERAL_NULL_CONVERSION = YES;
				CLANG_WARN_OBJC_IMPLICIT_RETAIN_SELF = YES;
				CLANG_WARN_OBJC_LITERAL_CONVERSION = YES;
				CLANG_WARN_OBJC_ROOT_CLASS = YES_ERROR;
				CLANG_WARN_QUOTED_INCLUDE_IN_FRAMEWORK_HEADER = YES;
				CLANG_WARN_RANGE_LOOP_ANALYSIS = YES;
				CLANG_WARN_STRICT_PROTOTYPES = YES;
				CLANG_WARN_SUSPICIOUS_MOVE = YES;
				CLANG_WARN_UNGUARDED_AVAILABILITY = YES_AGGRESSIVE;
				CLANG_WARN_UNREACHABLE_CODE = YES;
				CLANG_WARN__DUPLICATE_METHOD_MATCH = YES;
				COPY_PHASE_STRIP = NO;
				DEBUG_INFORMATION_FORMAT = "dwarf-with-dsym";
				ENABLE_NS_ASSERTIONS = NO;
				ENABLE_STRICT_OBJC_MSGSEND = YES;
				GCC_C_LANGUAGE_STANDARD = gnu11;
				GCC_NO_COMMON_BLOCKS = YES;
				GCC_WARN_64_TO_32_BIT_CONVERSION = YES;
				GCC_WARN_ABOUT_RETURN_TYPE = YES_ERROR;
				GCC_WARN_UNDECLARED_SELECTOR = YES;
				GCC_WARN_UNINITIALIZED_AUTOS = YES_AGGRESSIVE;
				GCC_WARN_UNUSED_FUNCTION = YES;
				GCC_WARN_UNUSED_VARIABLE = YES;
				MACOSX_DEPLOYMENT_TARGET = 12.3;
				MTL_ENABLE_DEBUG_INFO = NO;
				MTL_FAST_MATH = YES;
				SDKROOT = macosx;
				SWIFT_COMPILATION_MODE = wholemodule;
				SWIFT_OPTIMIZATION_LEVEL = "-O";
			};
			name = Release;
		};
		985FBE182861A4A600B9B672 /* Debug */ = {
			isa = XCBuildConfiguration;
			buildSettings = {
				CLANG_ENABLE_MODULES = YES;
				CODE_SIGN_STYLE = Automatic;
				DEVELOPMENT_TEAM = N6LML762WM;
				ENABLE_HARDENED_RUNTIME = YES;
				LD_RUNPATH_SEARCH_PATHS = (
					"$(inherited)",
					"@executable_path/../Frameworks",
					"@loader_path/../Frameworks",
				);
				MACOSX_DEPLOYMENT_TARGET = 13.0;
				PRODUCT_NAME = "$(TARGET_NAME)";
				SWIFT_OBJC_BRIDGING_HEADER = "";
				SWIFT_OPTIMIZATION_LEVEL = "-Onone";
				SWIFT_VERSION = 5.0;
			};
			name = Debug;
		};
		985FBE192861A4A600B9B672 /* Release */ = {
			isa = XCBuildConfiguration;
			buildSettings = {
				CLANG_ENABLE_MODULES = YES;
				CODE_SIGN_STYLE = Automatic;
				DEVELOPMENT_TEAM = N6LML762WM;
				ENABLE_HARDENED_RUNTIME = YES;
				LD_RUNPATH_SEARCH_PATHS = (
					"$(inherited)",
					"@executable_path/../Frameworks",
					"@loader_path/../Frameworks",
				);
				MACOSX_DEPLOYMENT_TARGET = 13.0;
				PRODUCT_NAME = "$(TARGET_NAME)";
				SWIFT_OBJC_BRIDGING_HEADER = "";
				SWIFT_VERSION = 5.0;
			};
			name = Release;
		};
/* End XCBuildConfiguration section */

/* Begin XCConfigurationList section */
		985FBE0B2861A4A600B9B672 /* Build configuration list for PBXProject "Algorithm" */ = {
			isa = XCConfigurationList;
			buildConfigurations = (
				985FBE152861A4A600B9B672 /* Debug */,
				985FBE162861A4A600B9B672 /* Release */,
			);
			defaultConfigurationIsVisible = 0;
			defaultConfigurationName = Release;
		};
		985FBE172861A4A600B9B672 /* Build configuration list for PBXNativeTarget "Algorithm" */ = {
			isa = XCConfigurationList;
			buildConfigurations = (
				985FBE182861A4A600B9B672 /* Debug */,
				985FBE192861A4A600B9B672 /* Release */,
			);
			defaultConfigurationIsVisible = 0;
			defaultConfigurationName = Release;
		};
/* End XCConfigurationList section */
	};
	rootObject = 985FBE082861A4A600B9B672 /* Project object */;
}
